// !$*UTF8*$!
{
	archiveVersion = 1;
	classes = {
	};
	objectVersion = 46;
	objects = {

/* Begin PBXBuildFile section */
		6512429F1B065EBE006248A0 /* Constants.swift in Sources */ = {isa = PBXBuildFile; fileRef = 6512429E1B065EBE006248A0 /* Constants.swift */; };
		651242A01B065EBE006248A0 /* Constants.swift in Sources */ = {isa = PBXBuildFile; fileRef = 6512429E1B065EBE006248A0 /* Constants.swift */; };
		651242A11B065F14006248A0 /* ITunesUtils.swift in Sources */ = {isa = PBXBuildFile; fileRef = 65B2A5A219529B0E00C3BE89 /* ITunesUtils.swift */; };
		651242A21B066163006248A0 /* MusicPlayer.swift in Sources */ = {isa = PBXBuildFile; fileRef = 65E048811953B1DB0080031C /* MusicPlayer.swift */; };
		651242A31B069E44006248A0 /* Extensions.swift in Sources */ = {isa = PBXBuildFile; fileRef = 6557D9EF1997414600A0A87E /* Extensions.swift */; };
		651242A41B069E54006248A0 /* TimeStruct.swift in Sources */ = {isa = PBXBuildFile; fileRef = 6557D9ED1997412500A0A87E /* TimeStruct.swift */; };
		65164C37196CF62400644EF4 /* UIHelpers.swift in Sources */ = {isa = PBXBuildFile; fileRef = 65164C36196CF62400644EF4 /* UIHelpers.swift */; };
		6522D5C019D7739900FAB3AD /* FacebookSDK.framework in Frameworks */ = {isa = PBXBuildFile; fileRef = 6522D5BF19D7739900FAB3AD /* FacebookSDK.framework */; };
		6522D5C519D7ACD900FAB3AD /* FacebookUtils.swift in Sources */ = {isa = PBXBuildFile; fileRef = 6522D5C419D7ACD900FAB3AD /* FacebookUtils.swift */; };
		65304F0D196CAB9E00F985D3 /* Utils.swift in Sources */ = {isa = PBXBuildFile; fileRef = 65304F0C196CAB9E00F985D3 /* Utils.swift */; };
		6552BFF41A3FED7500E77322 /* blacklab2.png in Resources */ = {isa = PBXBuildFile; fileRef = 6552BFF31A3FED7500E77322 /* blacklab2.png */; };
		6555712F1AFC8DBF00FF3B2B /* Async.swift in Sources */ = {isa = PBXBuildFile; fileRef = 6555712E1AFC8DBF00FF3B2B /* Async.swift */; };
		6557D9EE1997412500A0A87E /* TimeStruct.swift in Sources */ = {isa = PBXBuildFile; fileRef = 6557D9ED1997412500A0A87E /* TimeStruct.swift */; };
		6557D9F01997414600A0A87E /* Extensions.swift in Sources */ = {isa = PBXBuildFile; fileRef = 6557D9EF1997414600A0A87E /* Extensions.swift */; };
		65587F4319B400BA00375C98 /* VideoListController.swift in Sources */ = {isa = PBXBuildFile; fileRef = 65587F4219B400BA00375C98 /* VideoListController.swift */; };
		65587F4519B4034100375C98 /* VideoCell.swift in Sources */ = {isa = PBXBuildFile; fileRef = 65587F4419B4034100375C98 /* VideoCell.swift */; };
		65587F4719B404A400375C98 /* sample-video-image.png in Resources */ = {isa = PBXBuildFile; fileRef = 65587F4619B404A400375C98 /* sample-video-image.png */; };
		65587F4919B4099A00375C98 /* Videos.swift in Sources */ = {isa = PBXBuildFile; fileRef = 65587F4819B4099A00375C98 /* Videos.swift */; };
		656BA32E1A225E790042DD47 /* SearchAlbumController.swift in Sources */ = {isa = PBXBuildFile; fileRef = 656BA32D1A225E790042DD47 /* SearchAlbumController.swift */; };
		656BA3301A2278A80042DD47 /* SearchAlbumTitleCell.swift in Sources */ = {isa = PBXBuildFile; fileRef = 656BA32F1A2278A80042DD47 /* SearchAlbumTitleCell.swift */; };
		656BA3321A2295DA0042DD47 /* SearchAlbumTrackCell.swift in Sources */ = {isa = PBXBuildFile; fileRef = 656BA3311A2295DA0042DD47 /* SearchAlbumTrackCell.swift */; };
		6571CCB819CFCFCD00ADF07F /* Async.swift in Sources */ = {isa = PBXBuildFile; fileRef = 6571CCB719CFCFCD00ADF07F /* Async.swift */; };
		657693B919883069008E25E6 /* LyricsController.swift in Sources */ = {isa = PBXBuildFile; fileRef = 657693B819883069008E25E6 /* LyricsController.swift */; };
		657F79091AF86D8900EEE85F /* InterfaceController.swift in Sources */ = {isa = PBXBuildFile; fileRef = 657F79081AF86D8900EEE85F /* InterfaceController.swift */; };
		657F790B1AF86D8900EEE85F /* NotificationController.swift in Sources */ = {isa = PBXBuildFile; fileRef = 657F790A1AF86D8900EEE85F /* NotificationController.swift */; };
		657F790D1AF86D8900EEE85F /* GlanceController.swift in Sources */ = {isa = PBXBuildFile; fileRef = 657F790C1AF86D8900EEE85F /* GlanceController.swift */; };
		657F790F1AF86D8900EEE85F /* Images.xcassets in Resources */ = {isa = PBXBuildFile; fileRef = 657F790E1AF86D8900EEE85F /* Images.xcassets */; };
		657F79131AF86D8900EEE85F /* SongDemon WatchKit App.app in Resources */ = {isa = PBXBuildFile; fileRef = 657F79121AF86D8900EEE85F /* SongDemon WatchKit App.app */; };
		657F791B1AF86D8900EEE85F /* Interface.storyboard in Resources */ = {isa = PBXBuildFile; fileRef = 657F79191AF86D8900EEE85F /* Interface.storyboard */; };
		657F79201AF86D8900EEE85F /* SongDemon WatchKit Extension.appex in Embed App Extensions */ = {isa = PBXBuildFile; fileRef = 657F79031AF86D8900EEE85F /* SongDemon WatchKit Extension.appex */; settings = {ATTRIBUTES = (RemoveHeadersOnCopy, ); }; };
		657F792D1AF8777500EEE85F /* jakegiz.jpg in Resources */ = {isa = PBXBuildFile; fileRef = 657F792C1AF8777500EEE85F /* jakegiz.jpg */; };
		657F792F1AF879DC00EEE85F /* Media.xcassets in Resources */ = {isa = PBXBuildFile; fileRef = 657F792E1AF879DC00EEE85F /* Media.xcassets */; };
		65A9112E196B9C49007B59D6 /* Lyrics.swift in Sources */ = {isa = PBXBuildFile; fileRef = 65A9112D196B9C49007B59D6 /* Lyrics.swift */; };
		65B1CEEF1AF80E9C00FC4C33 /* SwiftyJSON.swift in Sources */ = {isa = PBXBuildFile; fileRef = 65B1CEEE1AF80E9C00FC4C33 /* SwiftyJSON.swift */; };
		65B1CEF11AF81DEF00FC4C33 /* FileManager.swift in Sources */ = {isa = PBXBuildFile; fileRef = 65B1CEF01AF81DEF00FC4C33 /* FileManager.swift */; };
		65B1ED61198CA3F40024F984 /* pause.png in Resources */ = {isa = PBXBuildFile; fileRef = 65B1ED5F198CA3F40024F984 /* pause.png */; };
		65B1ED62198CA3F40024F984 /* pause@2x.png in Resources */ = {isa = PBXBuildFile; fileRef = 65B1ED60198CA3F40024F984 /* pause@2x.png */; };
		65B1ED6C198CA6B60024F984 /* pentagram.png in Resources */ = {isa = PBXBuildFile; fileRef = 65B1ED6B198CA6B60024F984 /* pentagram.png */; };
		65B1ED6E198CA7520024F984 /* pentagram@2x.png in Resources */ = {isa = PBXBuildFile; fileRef = 65B1ED6D198CA7520024F984 /* pentagram@2x.png */; };
		65B1ED79198F214A0024F984 /* 777-thumbs-up.png in Resources */ = {isa = PBXBuildFile; fileRef = 65B1ED77198F214A0024F984 /* 777-thumbs-up.png */; };
		65B1ED7A198F214A0024F984 /* 777-thumbs-up@2x.png in Resources */ = {isa = PBXBuildFile; fileRef = 65B1ED78198F214A0024F984 /* 777-thumbs-up@2x.png */; };
		65B1ED7D198F21650024F984 /* 777-thumbs-up-selected.png in Resources */ = {isa = PBXBuildFile; fileRef = 65B1ED7B198F21650024F984 /* 777-thumbs-up-selected.png */; };
		65B1ED7E198F21650024F984 /* 777-thumbs-up-selected@2x.png in Resources */ = {isa = PBXBuildFile; fileRef = 65B1ED7C198F21650024F984 /* 777-thumbs-up-selected@2x.png */; };
		65B1ED80198F41060024F984 /* PlaylistController.swift in Sources */ = {isa = PBXBuildFile; fileRef = 65B1ED7F198F41060024F984 /* PlaylistController.swift */; };
		65B1ED86199016930024F984 /* PlaylistCell.swift in Sources */ = {isa = PBXBuildFile; fileRef = 65B1ED85199016930024F984 /* PlaylistCell.swift */; };
		65B1ED881990223E0024F984 /* sample-album-art2.jpg in Resources */ = {isa = PBXBuildFile; fileRef = 65B1ED871990223E0024F984 /* sample-album-art2.jpg */; };
		65B2A5A319529B0E00C3BE89 /* ITunesUtils.swift in Sources */ = {isa = PBXBuildFile; fileRef = 65B2A5A219529B0E00C3BE89 /* ITunesUtils.swift */; };
		65B66DE9195246AB00947DCE /* AppDelegate.swift in Sources */ = {isa = PBXBuildFile; fileRef = 65B66DE8195246AB00947DCE /* AppDelegate.swift */; };
		65B66DF0195246AB00947DCE /* Main.storyboard in Resources */ = {isa = PBXBuildFile; fileRef = 65B66DEE195246AB00947DCE /* Main.storyboard */; };
		65B66DF2195246AB00947DCE /* Images.xcassets in Resources */ = {isa = PBXBuildFile; fileRef = 65B66DF1195246AB00947DCE /* Images.xcassets */; };
		65B66E7319524A8300947DCE /* MainController.swift in Sources */ = {isa = PBXBuildFile; fileRef = 65B66E7219524A8300947DCE /* MainController.swift */; };
		65B81BEA19C91892005EA079 /* 765-arrow-left.png in Resources */ = {isa = PBXBuildFile; fileRef = 65B81BE619C91892005EA079 /* 765-arrow-left.png */; };
		65B81BEB19C91892005EA079 /* 765-arrow-left@2x.png in Resources */ = {isa = PBXBuildFile; fileRef = 65B81BE719C91892005EA079 /* 765-arrow-left@2x.png */; };
		65B81BEC19C91892005EA079 /* 766-arrow-right.png in Resources */ = {isa = PBXBuildFile; fileRef = 65B81BE819C91892005EA079 /* 766-arrow-right.png */; };
		65B81BED19C91892005EA079 /* 766-arrow-right@2x.png in Resources */ = {isa = PBXBuildFile; fileRef = 65B81BE919C91892005EA079 /* 766-arrow-right@2x.png */; };
		65D4F0B619A58CB600FB30A2 /* PlaylistAlbumSongCell.swift in Sources */ = {isa = PBXBuildFile; fileRef = 65D4F0B519A58CB600FB30A2 /* PlaylistAlbumSongCell.swift */; };
		65D4F0B819A59B2100FB30A2 /* PlaylistAlbumTitleCell.swift in Sources */ = {isa = PBXBuildFile; fileRef = 65D4F0B719A59B2100FB30A2 /* PlaylistAlbumTitleCell.swift */; };
		65D614541A19BAC40046E66C /* LastFMUtils.swift in Sources */ = {isa = PBXBuildFile; fileRef = 65D614531A19BAC40046E66C /* LastFMUtils.swift */; };
		65DC55E4198B3D0000ABE255 /* 1176-bulleted-list.png in Resources */ = {isa = PBXBuildFile; fileRef = 65DC55E2198B3D0000ABE255 /* 1176-bulleted-list.png */; };
		65DC55E5198B3D0000ABE255 /* 1176-bulleted-list@2x.png in Resources */ = {isa = PBXBuildFile; fileRef = 65DC55E3198B3D0000ABE255 /* 1176-bulleted-list@2x.png */; };
		65E0487F1953A5D50080031C /* LibraryManager.swift in Sources */ = {isa = PBXBuildFile; fileRef = 65E0487E1953A5D50080031C /* LibraryManager.swift */; };
		65E048821953B1DB0080031C /* MusicPlayer.swift in Sources */ = {isa = PBXBuildFile; fileRef = 65E048811953B1DB0080031C /* MusicPlayer.swift */; };
		65E119F119B4EE2300757B87 /* videotemplate.html in Resources */ = {isa = PBXBuildFile; fileRef = 65E119F019B4EE2300757B87 /* videotemplate.html */; };
		65E119F319B4F98200757B87 /* PlayVideoController.swift in Sources */ = {isa = PBXBuildFile; fileRef = 65E119F219B4F98200757B87 /* PlayVideoController.swift */; };
		65E5C03F1B04405700BC955C /* Utils.swift in Sources */ = {isa = PBXBuildFile; fileRef = 65304F0C196CAB9E00F985D3 /* Utils.swift */; };
		65E7746C19528D6100DD31DB /* 708-search.png in Resources */ = {isa = PBXBuildFile; fileRef = 65E7743719528D6100DD31DB /* 708-search.png */; };
		65E7746D19528D6100DD31DB /* 708-search@2x.png in Resources */ = {isa = PBXBuildFile; fileRef = 65E7743819528D6100DD31DB /* 708-search@2x.png */; };
		65E7747A19528D6100DD31DB /* 778-thumbs-down.png in Resources */ = {isa = PBXBuildFile; fileRef = 65E7744519528D6100DD31DB /* 778-thumbs-down.png */; };
		65E7747B19528D6100DD31DB /* 778-thumbs-down@2x.png in Resources */ = {isa = PBXBuildFile; fileRef = 65E7744619528D6100DD31DB /* 778-thumbs-down@2x.png */; };
		65E7748019528D6100DD31DB /* note120x120.png in Resources */ = {isa = PBXBuildFile; fileRef = 65E7744B19528D6100DD31DB /* note120x120.png */; };
		65E7749019528D6100DD31DB /* sample-album-art.jpg in Resources */ = {isa = PBXBuildFile; fileRef = 65E7745B19528D6100DD31DB /* sample-album-art.jpg */; };
		65E7749319528D6100DD31DB /* slider_maximum.png in Resources */ = {isa = PBXBuildFile; fileRef = 65E7745E19528D6100DD31DB /* slider_maximum.png */; };
		65E7749419528D6100DD31DB /* slider_maximum@2x.png in Resources */ = {isa = PBXBuildFile; fileRef = 65E7745F19528D6100DD31DB /* slider_maximum@2x.png */; };
		65E7749519528D6100DD31DB /* slider_minimum.png in Resources */ = {isa = PBXBuildFile; fileRef = 65E7746019528D6100DD31DB /* slider_minimum.png */; };
		65E7749619528D6100DD31DB /* slider_minimum@2x.png in Resources */ = {isa = PBXBuildFile; fileRef = 65E7746119528D6100DD31DB /* slider_minimum@2x.png */; };
		65E7749919528D6100DD31DB /* sliderlabel.png in Resources */ = {isa = PBXBuildFile; fileRef = 65E7746419528D6100DD31DB /* sliderlabel.png */; };
		65E7749A19528D6100DD31DB /* sliderlabel@2x.png in Resources */ = {isa = PBXBuildFile; fileRef = 65E7746519528D6100DD31DB /* sliderlabel@2x.png */; };
		65E7D2AB1A17F01200C430AF /* GoatwhoreLastFM.png in Resources */ = {isa = PBXBuildFile; fileRef = 65E7D2AA1A17F01200C430AF /* GoatwhoreLastFM.png */; };
		65E7D2AD1A17F2B200C430AF /* SearchArtistCell.swift in Sources */ = {isa = PBXBuildFile; fileRef = 65E7D2AC1A17F2B200C430AF /* SearchArtistCell.swift */; };
		65EB5FC61B094A9500DE9AD9 /* LibraryManager.swift in Sources */ = {isa = PBXBuildFile; fileRef = 65E0487E1953A5D50080031C /* LibraryManager.swift */; };
		65EFCD1B1A17EA20000ECF93 /* SearchArtistController.swift in Sources */ = {isa = PBXBuildFile; fileRef = 65EFCD1A1A17EA20000ECF93 /* SearchArtistController.swift */; };
		65F195651A46164700A7539C /* 702-share.png in Resources */ = {isa = PBXBuildFile; fileRef = 65F195621A46164700A7539C /* 702-share.png */; };
		65F195661A46164700A7539C /* 702-share@2x.png in Resources */ = {isa = PBXBuildFile; fileRef = 65F195631A46164700A7539C /* 702-share@2x.png */; };
		65F195671A46164700A7539C /* 702-share@3x.png in Resources */ = {isa = PBXBuildFile; fileRef = 65F195641A46164700A7539C /* 702-share@3x.png */; };
		65F3BABE198749B7009916C1 /* SongInfo.swift in Sources */ = {isa = PBXBuildFile; fileRef = 65F3BABD198749B7009916C1 /* SongInfo.swift */; };
		65F3BAF319876E28009916C1 /* RootController.swift in Sources */ = {isa = PBXBuildFile; fileRef = 65F3BAF219876E28009916C1 /* RootController.swift */; };
		65F7085E19981D1A00179340 /* play-75.png in Resources */ = {isa = PBXBuildFile; fileRef = 65F7085C19981D1A00179340 /* play-75.png */; };
		65F7085F19981D1A00179340 /* play-75@2x.png in Resources */ = {isa = PBXBuildFile; fileRef = 65F7085D19981D1A00179340 /* play-75@2x.png */; };
		65F7086D19982E8300179340 /* black-red-note-120.png in Resources */ = {isa = PBXBuildFile; fileRef = 65F7086C19982E8300179340 /* black-red-note-120.png */; };
		65FBA0861A4543D90037C7E0 /* 1176-bulleted-list@3x.png in Resources */ = {isa = PBXBuildFile; fileRef = 65FBA0851A4543D90037C7E0 /* 1176-bulleted-list@3x.png */; };
		65FBA08A1A4544480037C7E0 /* 708-search@3x.png in Resources */ = {isa = PBXBuildFile; fileRef = 65FBA0891A4544480037C7E0 /* 708-search@3x.png */; };
		65FBA08F1A4544AA0037C7E0 /* 777-thumbs-up@3x.png in Resources */ = {isa = PBXBuildFile; fileRef = 65FBA08D1A4544AA0037C7E0 /* 777-thumbs-up@3x.png */; };
		65FBA0901A4544AA0037C7E0 /* 778-thumbs-down@3x.png in Resources */ = {isa = PBXBuildFile; fileRef = 65FBA08E1A4544AA0037C7E0 /* 778-thumbs-down@3x.png */; };
		65FBA0931A4544C80037C7E0 /* 765-arrow-left@3x.png in Resources */ = {isa = PBXBuildFile; fileRef = 65FBA0911A4544C80037C7E0 /* 765-arrow-left@3x.png */; };
		65FBA0941A4544C80037C7E0 /* 766-arrow-right@3x.png in Resources */ = {isa = PBXBuildFile; fileRef = 65FBA0921A4544C80037C7E0 /* 766-arrow-right@3x.png */; };
		65FBA0961A4545080037C7E0 /* 777-thumbs-up-selected@3x.png in Resources */ = {isa = PBXBuildFile; fileRef = 65FBA0951A4545080037C7E0 /* 777-thumbs-up-selected@3x.png */; };
		65FBA09D1A4B7F730037C7E0 /* SearchController.swift in Sources */ = {isa = PBXBuildFile; fileRef = 65FBA09C1A4B7F730037C7E0 /* SearchController.swift */; };
/* End PBXBuildFile section */

/* Begin PBXContainerItemProxy section */
		657F79141AF86D8900EEE85F /* PBXContainerItemProxy */ = {
			isa = PBXContainerItemProxy;
			containerPortal = 65B66DDB195246AB00947DCE /* Project object */;
			proxyType = 1;
			remoteGlobalIDString = 657F79111AF86D8900EEE85F;
			remoteInfo = "SongDemon WatchKit App";
		};
		657F791E1AF86D8900EEE85F /* PBXContainerItemProxy */ = {
			isa = PBXContainerItemProxy;
			containerPortal = 65B66DDB195246AB00947DCE /* Project object */;
			proxyType = 1;
			remoteGlobalIDString = 657F79021AF86D8900EEE85F;
			remoteInfo = "SongDemon WatchKit Extension";
		};
/* End PBXContainerItemProxy section */

/* Begin PBXCopyFilesBuildPhase section */
		657F79291AF86D8900EEE85F /* Embed App Extensions */ = {
			isa = PBXCopyFilesBuildPhase;
			buildActionMask = 2147483647;
			dstPath = "";
			dstSubfolderSpec = 13;
			files = (
				657F79201AF86D8900EEE85F /* SongDemon WatchKit Extension.appex in Embed App Extensions */,
			);
			name = "Embed App Extensions";
			runOnlyForDeploymentPostprocessing = 0;
		};
/* End PBXCopyFilesBuildPhase section */

/* Begin PBXFileReference section */
		6512429E1B065EBE006248A0 /* Constants.swift */ = {isa = PBXFileReference; fileEncoding = 4; lastKnownFileType = sourcecode.swift; path = Constants.swift; sourceTree = "<group>"; };
		65164C36196CF62400644EF4 /* UIHelpers.swift */ = {isa = PBXFileReference; fileEncoding = 4; lastKnownFileType = sourcecode.swift; path = UIHelpers.swift; sourceTree = "<group>"; };
		6522D5BF19D7739900FAB3AD /* FacebookSDK.framework */ = {isa = PBXFileReference; lastKnownFileType = wrapper.framework; path = FacebookSDK.framework; sourceTree = "<group>"; };
		6522D5C119D773EB00FAB3AD /* SongDemon-Bridging-Header.h */ = {isa = PBXFileReference; lastKnownFileType = sourcecode.c.h; name = "SongDemon-Bridging-Header.h"; path = "../SongDemon-Bridging-Header.h"; sourceTree = "<group>"; };
		6522D5C419D7ACD900FAB3AD /* FacebookUtils.swift */ = {isa = PBXFileReference; fileEncoding = 4; lastKnownFileType = sourcecode.swift; path = FacebookUtils.swift; sourceTree = "<group>"; };
		652779B41B045DCA004E0C5A /* SongDemon.entitlements */ = {isa = PBXFileReference; lastKnownFileType = text.xml; path = SongDemon.entitlements; sourceTree = SOURCE_ROOT; };
		652779B51B045E4A004E0C5A /* SongDemon WatchKit Extension.entitlements */ = {isa = PBXFileReference; lastKnownFileType = text.xml; path = "SongDemon WatchKit Extension.entitlements"; sourceTree = "<group>"; };
		65304F0C196CAB9E00F985D3 /* Utils.swift */ = {isa = PBXFileReference; fileEncoding = 4; lastKnownFileType = sourcecode.swift; path = Utils.swift; sourceTree = "<group>"; };
		6552BFF31A3FED7500E77322 /* blacklab2.png */ = {isa = PBXFileReference; lastKnownFileType = image.png; path = blacklab2.png; sourceTree = "<group>"; };
		6555712E1AFC8DBF00FF3B2B /* Async.swift */ = {isa = PBXFileReference; fileEncoding = 4; lastKnownFileType = sourcecode.swift; path = Async.swift; sourceTree = "<group>"; };
		6557D9ED1997412500A0A87E /* TimeStruct.swift */ = {isa = PBXFileReference; fileEncoding = 4; lastKnownFileType = sourcecode.swift; path = TimeStruct.swift; sourceTree = "<group>"; };
		6557D9EF1997414600A0A87E /* Extensions.swift */ = {isa = PBXFileReference; fileEncoding = 4; lastKnownFileType = sourcecode.swift; path = Extensions.swift; sourceTree = "<group>"; };
		65587F4219B400BA00375C98 /* VideoListController.swift */ = {isa = PBXFileReference; fileEncoding = 4; lastKnownFileType = sourcecode.swift; path = VideoListController.swift; sourceTree = "<group>"; };
		65587F4419B4034100375C98 /* VideoCell.swift */ = {isa = PBXFileReference; fileEncoding = 4; lastKnownFileType = sourcecode.swift; path = VideoCell.swift; sourceTree = "<group>"; };
		65587F4619B404A400375C98 /* sample-video-image.png */ = {isa = PBXFileReference; lastKnownFileType = image.png; path = "sample-video-image.png"; sourceTree = "<group>"; };
		65587F4819B4099A00375C98 /* Videos.swift */ = {isa = PBXFileReference; fileEncoding = 4; lastKnownFileType = sourcecode.swift; path = Videos.swift; sourceTree = "<group>"; };
		656BA32D1A225E790042DD47 /* SearchAlbumController.swift */ = {isa = PBXFileReference; fileEncoding = 4; lastKnownFileType = sourcecode.swift; path = SearchAlbumController.swift; sourceTree = "<group>"; };
		656BA32F1A2278A80042DD47 /* SearchAlbumTitleCell.swift */ = {isa = PBXFileReference; fileEncoding = 4; lastKnownFileType = sourcecode.swift; path = SearchAlbumTitleCell.swift; sourceTree = "<group>"; };
		656BA3311A2295DA0042DD47 /* SearchAlbumTrackCell.swift */ = {isa = PBXFileReference; fileEncoding = 4; lastKnownFileType = sourcecode.swift; path = SearchAlbumTrackCell.swift; sourceTree = "<group>"; };
		6571CCB719CFCFCD00ADF07F /* Async.swift */ = {isa = PBXFileReference; fileEncoding = 4; lastKnownFileType = sourcecode.swift; path = Async.swift; sourceTree = "<group>"; };
		657693B819883069008E25E6 /* LyricsController.swift */ = {isa = PBXFileReference; fileEncoding = 4; lastKnownFileType = sourcecode.swift; path = LyricsController.swift; sourceTree = "<group>"; };
		657F79031AF86D8900EEE85F /* SongDemon WatchKit Extension.appex */ = {isa = PBXFileReference; explicitFileType = "wrapper.app-extension"; includeInIndex = 0; path = "SongDemon WatchKit Extension.appex"; sourceTree = BUILT_PRODUCTS_DIR; };
		657F79061AF86D8900EEE85F /* Info.plist */ = {isa = PBXFileReference; lastKnownFileType = text.plist.xml; path = Info.plist; sourceTree = "<group>"; };
		657F79071AF86D8900EEE85F /* PushNotificationPayload.apns */ = {isa = PBXFileReference; lastKnownFileType = text; path = PushNotificationPayload.apns; sourceTree = "<group>"; };
		657F79081AF86D8900EEE85F /* InterfaceController.swift */ = {isa = PBXFileReference; lastKnownFileType = sourcecode.swift; path = InterfaceController.swift; sourceTree = "<group>"; };
		657F790A1AF86D8900EEE85F /* NotificationController.swift */ = {isa = PBXFileReference; lastKnownFileType = sourcecode.swift; path = NotificationController.swift; sourceTree = "<group>"; };
		657F790C1AF86D8900EEE85F /* GlanceController.swift */ = {isa = PBXFileReference; lastKnownFileType = sourcecode.swift; path = GlanceController.swift; sourceTree = "<group>"; };
		657F790E1AF86D8900EEE85F /* Images.xcassets */ = {isa = PBXFileReference; lastKnownFileType = folder.assetcatalog; path = Images.xcassets; sourceTree = "<group>"; };
		657F79121AF86D8900EEE85F /* SongDemon WatchKit App.app */ = {isa = PBXFileReference; explicitFileType = wrapper.application; includeInIndex = 0; path = "SongDemon WatchKit App.app"; sourceTree = BUILT_PRODUCTS_DIR; };
		657F79181AF86D8900EEE85F /* Info.plist */ = {isa = PBXFileReference; lastKnownFileType = text.plist.xml; path = Info.plist; sourceTree = "<group>"; };
		657F791A1AF86D8900EEE85F /* Base */ = {isa = PBXFileReference; lastKnownFileType = file.storyboard; name = Base; path = Base.lproj/Interface.storyboard; sourceTree = "<group>"; };
		657F792C1AF8777500EEE85F /* jakegiz.jpg */ = {isa = PBXFileReference; lastKnownFileType = image.jpeg; path = jakegiz.jpg; sourceTree = "<group>"; };
		657F792E1AF879DC00EEE85F /* Media.xcassets */ = {isa = PBXFileReference; lastKnownFileType = folder.assetcatalog; path = Media.xcassets; sourceTree = "<group>"; };
		65A9112D196B9C49007B59D6 /* Lyrics.swift */ = {isa = PBXFileReference; fileEncoding = 4; lastKnownFileType = sourcecode.swift; path = Lyrics.swift; sourceTree = "<group>"; };
		65B1CEED1AF80E9C00FC4C33 /* SwiftyJSON.h */ = {isa = PBXFileReference; fileEncoding = 4; lastKnownFileType = sourcecode.c.h; path = SwiftyJSON.h; sourceTree = "<group>"; };
		65B1CEEE1AF80E9C00FC4C33 /* SwiftyJSON.swift */ = {isa = PBXFileReference; fileEncoding = 4; lastKnownFileType = sourcecode.swift; path = SwiftyJSON.swift; sourceTree = "<group>"; };
		65B1CEF01AF81DEF00FC4C33 /* FileManager.swift */ = {isa = PBXFileReference; fileEncoding = 4; lastKnownFileType = sourcecode.swift; path = FileManager.swift; sourceTree = "<group>"; };
		65B1ED5F198CA3F40024F984 /* pause.png */ = {isa = PBXFileReference; lastKnownFileType = image.png; path = pause.png; sourceTree = "<group>"; };
		65B1ED60198CA3F40024F984 /* pause@2x.png */ = {isa = PBXFileReference; lastKnownFileType = image.png; path = "pause@2x.png"; sourceTree = "<group>"; };
		65B1ED6B198CA6B60024F984 /* pentagram.png */ = {isa = PBXFileReference; lastKnownFileType = image.png; path = pentagram.png; sourceTree = "<group>"; };
		65B1ED6D198CA7520024F984 /* pentagram@2x.png */ = {isa = PBXFileReference; lastKnownFileType = image.png; path = "pentagram@2x.png"; sourceTree = "<group>"; };
		65B1ED77198F214A0024F984 /* 777-thumbs-up.png */ = {isa = PBXFileReference; lastKnownFileType = image.png; path = "777-thumbs-up.png"; sourceTree = "<group>"; };
		65B1ED78198F214A0024F984 /* 777-thumbs-up@2x.png */ = {isa = PBXFileReference; lastKnownFileType = image.png; path = "777-thumbs-up@2x.png"; sourceTree = "<group>"; };
		65B1ED7B198F21650024F984 /* 777-thumbs-up-selected.png */ = {isa = PBXFileReference; lastKnownFileType = image.png; path = "777-thumbs-up-selected.png"; sourceTree = "<group>"; };
		65B1ED7C198F21650024F984 /* 777-thumbs-up-selected@2x.png */ = {isa = PBXFileReference; lastKnownFileType = image.png; path = "777-thumbs-up-selected@2x.png"; sourceTree = "<group>"; };
		65B1ED7F198F41060024F984 /* PlaylistController.swift */ = {isa = PBXFileReference; fileEncoding = 4; lastKnownFileType = sourcecode.swift; path = PlaylistController.swift; sourceTree = "<group>"; };
		65B1ED85199016930024F984 /* PlaylistCell.swift */ = {isa = PBXFileReference; fileEncoding = 4; lastKnownFileType = sourcecode.swift; path = PlaylistCell.swift; sourceTree = "<group>"; };
		65B1ED871990223E0024F984 /* sample-album-art2.jpg */ = {isa = PBXFileReference; lastKnownFileType = image.jpeg; path = "sample-album-art2.jpg"; sourceTree = "<group>"; };
		65B2A5A219529B0E00C3BE89 /* ITunesUtils.swift */ = {isa = PBXFileReference; fileEncoding = 4; lastKnownFileType = sourcecode.swift; path = ITunesUtils.swift; sourceTree = "<group>"; };
		65B66DE3195246AB00947DCE /* SongDemon.app */ = {isa = PBXFileReference; explicitFileType = wrapper.application; includeInIndex = 0; path = SongDemon.app; sourceTree = BUILT_PRODUCTS_DIR; };
		65B66DE7195246AB00947DCE /* Info.plist */ = {isa = PBXFileReference; lastKnownFileType = text.plist.xml; path = Info.plist; sourceTree = "<group>"; };
		65B66DE8195246AB00947DCE /* AppDelegate.swift */ = {isa = PBXFileReference; lastKnownFileType = sourcecode.swift; path = AppDelegate.swift; sourceTree = "<group>"; };
		65B66DEF195246AB00947DCE /* Base */ = {isa = PBXFileReference; lastKnownFileType = file.storyboard; name = Base; path = Base.lproj/Main.storyboard; sourceTree = "<group>"; };
		65B66DF1195246AB00947DCE /* Images.xcassets */ = {isa = PBXFileReference; lastKnownFileType = folder.assetcatalog; path = Images.xcassets; sourceTree = "<group>"; };
		65B66E7219524A8300947DCE /* MainController.swift */ = {isa = PBXFileReference; fileEncoding = 4; lastKnownFileType = sourcecode.swift; path = MainController.swift; sourceTree = "<group>"; };
		65B81BE619C91892005EA079 /* 765-arrow-left.png */ = {isa = PBXFileReference; lastKnownFileType = image.png; path = "765-arrow-left.png"; sourceTree = "<group>"; };
		65B81BE719C91892005EA079 /* 765-arrow-left@2x.png */ = {isa = PBXFileReference; lastKnownFileType = image.png; path = "765-arrow-left@2x.png"; sourceTree = "<group>"; };
		65B81BE819C91892005EA079 /* 766-arrow-right.png */ = {isa = PBXFileReference; lastKnownFileType = image.png; path = "766-arrow-right.png"; sourceTree = "<group>"; };
		65B81BE919C91892005EA079 /* 766-arrow-right@2x.png */ = {isa = PBXFileReference; lastKnownFileType = image.png; path = "766-arrow-right@2x.png"; sourceTree = "<group>"; };
		65D4F0B519A58CB600FB30A2 /* PlaylistAlbumSongCell.swift */ = {isa = PBXFileReference; fileEncoding = 4; lastKnownFileType = sourcecode.swift; path = PlaylistAlbumSongCell.swift; sourceTree = "<group>"; };
		65D4F0B719A59B2100FB30A2 /* PlaylistAlbumTitleCell.swift */ = {isa = PBXFileReference; fileEncoding = 4; lastKnownFileType = sourcecode.swift; path = PlaylistAlbumTitleCell.swift; sourceTree = "<group>"; };
		65D614531A19BAC40046E66C /* LastFMUtils.swift */ = {isa = PBXFileReference; fileEncoding = 4; lastKnownFileType = sourcecode.swift; path = LastFMUtils.swift; sourceTree = "<group>"; };
		65DC55E2198B3D0000ABE255 /* 1176-bulleted-list.png */ = {isa = PBXFileReference; lastKnownFileType = image.png; path = "1176-bulleted-list.png"; sourceTree = "<group>"; };
		65DC55E3198B3D0000ABE255 /* 1176-bulleted-list@2x.png */ = {isa = PBXFileReference; lastKnownFileType = image.png; path = "1176-bulleted-list@2x.png"; sourceTree = "<group>"; };
		65E0487E1953A5D50080031C /* LibraryManager.swift */ = {isa = PBXFileReference; fileEncoding = 4; lastKnownFileType = sourcecode.swift; path = LibraryManager.swift; sourceTree = "<group>"; };
		65E048811953B1DB0080031C /* MusicPlayer.swift */ = {isa = PBXFileReference; fileEncoding = 4; lastKnownFileType = sourcecode.swift; path = MusicPlayer.swift; sourceTree = "<group>"; };
		65E119F019B4EE2300757B87 /* videotemplate.html */ = {isa = PBXFileReference; fileEncoding = 4; lastKnownFileType = text.html; name = videotemplate.html; path = ../videotemplate.html; sourceTree = "<group>"; };
		65E119F219B4F98200757B87 /* PlayVideoController.swift */ = {isa = PBXFileReference; fileEncoding = 4; lastKnownFileType = sourcecode.swift; path = PlayVideoController.swift; sourceTree = "<group>"; };
		65E7743719528D6100DD31DB /* 708-search.png */ = {isa = PBXFileReference; lastKnownFileType = image.png; path = "708-search.png"; sourceTree = "<group>"; };
		65E7743819528D6100DD31DB /* 708-search@2x.png */ = {isa = PBXFileReference; lastKnownFileType = image.png; path = "708-search@2x.png"; sourceTree = "<group>"; };
		65E7744519528D6100DD31DB /* 778-thumbs-down.png */ = {isa = PBXFileReference; lastKnownFileType = image.png; path = "778-thumbs-down.png"; sourceTree = "<group>"; };
		65E7744619528D6100DD31DB /* 778-thumbs-down@2x.png */ = {isa = PBXFileReference; lastKnownFileType = image.png; path = "778-thumbs-down@2x.png"; sourceTree = "<group>"; };
		65E7744B19528D6100DD31DB /* note120x120.png */ = {isa = PBXFileReference; lastKnownFileType = image.png; path = note120x120.png; sourceTree = "<group>"; };
		65E7745B19528D6100DD31DB /* sample-album-art.jpg */ = {isa = PBXFileReference; lastKnownFileType = image.jpeg; path = "sample-album-art.jpg"; sourceTree = "<group>"; };
		65E7745E19528D6100DD31DB /* slider_maximum.png */ = {isa = PBXFileReference; lastKnownFileType = image.png; path = slider_maximum.png; sourceTree = "<group>"; };
		65E7745F19528D6100DD31DB /* slider_maximum@2x.png */ = {isa = PBXFileReference; lastKnownFileType = image.png; path = "slider_maximum@2x.png"; sourceTree = "<group>"; };
		65E7746019528D6100DD31DB /* slider_minimum.png */ = {isa = PBXFileReference; lastKnownFileType = image.png; path = slider_minimum.png; sourceTree = "<group>"; };
		65E7746119528D6100DD31DB /* slider_minimum@2x.png */ = {isa = PBXFileReference; lastKnownFileType = image.png; path = "slider_minimum@2x.png"; sourceTree = "<group>"; };
		65E7746419528D6100DD31DB /* sliderlabel.png */ = {isa = PBXFileReference; lastKnownFileType = image.png; path = sliderlabel.png; sourceTree = "<group>"; };
		65E7746519528D6100DD31DB /* sliderlabel@2x.png */ = {isa = PBXFileReference; lastKnownFileType = image.png; path = "sliderlabel@2x.png"; sourceTree = "<group>"; };
		65E7D2AA1A17F01200C430AF /* GoatwhoreLastFM.png */ = {isa = PBXFileReference; lastKnownFileType = image.png; path = GoatwhoreLastFM.png; sourceTree = "<group>"; };
		65E7D2AC1A17F2B200C430AF /* SearchArtistCell.swift */ = {isa = PBXFileReference; fileEncoding = 4; lastKnownFileType = sourcecode.swift; path = SearchArtistCell.swift; sourceTree = "<group>"; };
		65EFCD1A1A17EA20000ECF93 /* SearchArtistController.swift */ = {isa = PBXFileReference; fileEncoding = 4; lastKnownFileType = sourcecode.swift; path = SearchArtistController.swift; sourceTree = "<group>"; };
		65F195621A46164700A7539C /* 702-share.png */ = {isa = PBXFileReference; lastKnownFileType = image.png; path = "702-share.png"; sourceTree = "<group>"; };
		65F195631A46164700A7539C /* 702-share@2x.png */ = {isa = PBXFileReference; lastKnownFileType = image.png; path = "702-share@2x.png"; sourceTree = "<group>"; };
		65F195641A46164700A7539C /* 702-share@3x.png */ = {isa = PBXFileReference; lastKnownFileType = image.png; path = "702-share@3x.png"; sourceTree = "<group>"; };
		65F3BABD198749B7009916C1 /* SongInfo.swift */ = {isa = PBXFileReference; fileEncoding = 4; lastKnownFileType = sourcecode.swift; path = SongInfo.swift; sourceTree = "<group>"; };
		65F3BAF219876E28009916C1 /* RootController.swift */ = {isa = PBXFileReference; fileEncoding = 4; lastKnownFileType = sourcecode.swift; path = RootController.swift; sourceTree = "<group>"; };
		65F7085C19981D1A00179340 /* play-75.png */ = {isa = PBXFileReference; lastKnownFileType = image.png; path = "play-75.png"; sourceTree = "<group>"; };
		65F7085D19981D1A00179340 /* play-75@2x.png */ = {isa = PBXFileReference; lastKnownFileType = image.png; path = "play-75@2x.png"; sourceTree = "<group>"; };
		65F7086C19982E8300179340 /* black-red-note-120.png */ = {isa = PBXFileReference; lastKnownFileType = image.png; path = "black-red-note-120.png"; sourceTree = "<group>"; };
		65FBA0851A4543D90037C7E0 /* 1176-bulleted-list@3x.png */ = {isa = PBXFileReference; lastKnownFileType = image.png; path = "1176-bulleted-list@3x.png"; sourceTree = "<group>"; };
		65FBA0891A4544480037C7E0 /* 708-search@3x.png */ = {isa = PBXFileReference; lastKnownFileType = image.png; path = "708-search@3x.png"; sourceTree = "<group>"; };
		65FBA08D1A4544AA0037C7E0 /* 777-thumbs-up@3x.png */ = {isa = PBXFileReference; lastKnownFileType = image.png; path = "777-thumbs-up@3x.png"; sourceTree = "<group>"; };
		65FBA08E1A4544AA0037C7E0 /* 778-thumbs-down@3x.png */ = {isa = PBXFileReference; lastKnownFileType = image.png; path = "778-thumbs-down@3x.png"; sourceTree = "<group>"; };
		65FBA0911A4544C80037C7E0 /* 765-arrow-left@3x.png */ = {isa = PBXFileReference; lastKnownFileType = image.png; path = "765-arrow-left@3x.png"; sourceTree = "<group>"; };
		65FBA0921A4544C80037C7E0 /* 766-arrow-right@3x.png */ = {isa = PBXFileReference; lastKnownFileType = image.png; path = "766-arrow-right@3x.png"; sourceTree = "<group>"; };
		65FBA0951A4545080037C7E0 /* 777-thumbs-up-selected@3x.png */ = {isa = PBXFileReference; lastKnownFileType = image.png; path = "777-thumbs-up-selected@3x.png"; sourceTree = "<group>"; };
		65FBA09C1A4B7F730037C7E0 /* SearchController.swift */ = {isa = PBXFileReference; fileEncoding = 4; lastKnownFileType = sourcecode.swift; path = SearchController.swift; sourceTree = "<group>"; };
/* End PBXFileReference section */

/* Begin PBXFrameworksBuildPhase section */
		657F79001AF86D8900EEE85F /* Frameworks */ = {
			isa = PBXFrameworksBuildPhase;
			buildActionMask = 2147483647;
			files = (
			);
			runOnlyForDeploymentPostprocessing = 0;
		};
		65B66DE0195246AB00947DCE /* Frameworks */ = {
			isa = PBXFrameworksBuildPhase;
			buildActionMask = 2147483647;
			files = (
				6522D5C019D7739900FAB3AD /* FacebookSDK.framework in Frameworks */,
			);
			runOnlyForDeploymentPostprocessing = 0;
		};
/* End PBXFrameworksBuildPhase section */

/* Begin PBXGroup section */
		6571CCB619CFCFB300ADF07F /* 3rdParty */ = {
			isa = PBXGroup;
			children = (
				6571CCB719CFCFCD00ADF07F /* Async.swift */,
				65FBA0A11A4B7FA60037C7E0 /* Swifty */,
			);
			name = 3rdParty;
			sourceTree = "<group>";
		};
		657693BA198834D4008E25E6 /* UI */ = {
			isa = PBXGroup;
			children = (
				657693B819883069008E25E6 /* LyricsController.swift */,
				65B66E7219524A8300947DCE /* MainController.swift */,
				65D4F0B519A58CB600FB30A2 /* PlaylistAlbumSongCell.swift */,
				65D4F0B719A59B2100FB30A2 /* PlaylistAlbumTitleCell.swift */,
				65B1ED85199016930024F984 /* PlaylistCell.swift */,
				65B1ED7F198F41060024F984 /* PlaylistController.swift */,
				65E119F219B4F98200757B87 /* PlayVideoController.swift */,
				65F3BAF219876E28009916C1 /* RootController.swift */,
				65FBA09C1A4B7F730037C7E0 /* SearchController.swift */,
				656BA32D1A225E790042DD47 /* SearchAlbumController.swift */,
				656BA32F1A2278A80042DD47 /* SearchAlbumTitleCell.swift */,
				656BA3311A2295DA0042DD47 /* SearchAlbumTrackCell.swift */,
				65E7D2AC1A17F2B200C430AF /* SearchArtistCell.swift */,
				65EFCD1A1A17EA20000ECF93 /* SearchArtistController.swift */,
				65587F4419B4034100375C98 /* VideoCell.swift */,
				65587F4219B400BA00375C98 /* VideoListController.swift */,
			);
			name = UI;
			sourceTree = "<group>";
		};
		657693BB19883510008E25E6 /* Classes */ = {
			isa = PBXGroup;
			children = (
				65B2A5A219529B0E00C3BE89 /* ITunesUtils.swift */,
				65E0487E1953A5D50080031C /* LibraryManager.swift */,
				65A9112D196B9C49007B59D6 /* Lyrics.swift */,
				65E048811953B1DB0080031C /* MusicPlayer.swift */,
				65F3BABD198749B7009916C1 /* SongInfo.swift */,
				65164C36196CF62400644EF4 /* UIHelpers.swift */,
				65304F0C196CAB9E00F985D3 /* Utils.swift */,
				6557D9ED1997412500A0A87E /* TimeStruct.swift */,
				6557D9EF1997414600A0A87E /* Extensions.swift */,
				65587F4819B4099A00375C98 /* Videos.swift */,
				6522D5C419D7ACD900FAB3AD /* FacebookUtils.swift */,
				65D614531A19BAC40046E66C /* LastFMUtils.swift */,
				65B1CEF01AF81DEF00FC4C33 /* FileManager.swift */,
				6512429E1B065EBE006248A0 /* Constants.swift */,
			);
			name = Classes;
			sourceTree = "<group>";
		};
		657F79041AF86D8900EEE85F /* SongDemon WatchKit Extension */ = {
			isa = PBXGroup;
			children = (
				652779B51B045E4A004E0C5A /* SongDemon WatchKit Extension.entitlements */,
				6555712E1AFC8DBF00FF3B2B /* Async.swift */,
				657F79081AF86D8900EEE85F /* InterfaceController.swift */,
				657F790A1AF86D8900EEE85F /* NotificationController.swift */,
				657F790C1AF86D8900EEE85F /* GlanceController.swift */,
				657F790E1AF86D8900EEE85F /* Images.xcassets */,
				657F79051AF86D8900EEE85F /* Supporting Files */,
			);
			path = "SongDemon WatchKit Extension";
			sourceTree = "<group>";
		};
		657F79051AF86D8900EEE85F /* Supporting Files */ = {
			isa = PBXGroup;
			children = (
				657F79061AF86D8900EEE85F /* Info.plist */,
				657F79071AF86D8900EEE85F /* PushNotificationPayload.apns */,
			);
			name = "Supporting Files";
			sourceTree = "<group>";
		};
		657F79161AF86D8900EEE85F /* SongDemon WatchKit App */ = {
			isa = PBXGroup;
			children = (
				657F792E1AF879DC00EEE85F /* Media.xcassets */,
				657F79191AF86D8900EEE85F /* Interface.storyboard */,
				657F79171AF86D8900EEE85F /* Supporting Files */,
			);
			path = "SongDemon WatchKit App";
			sourceTree = "<group>";
		};
		657F79171AF86D8900EEE85F /* Supporting Files */ = {
			isa = PBXGroup;
			children = (
				657F79181AF86D8900EEE85F /* Info.plist */,
			);
			name = "Supporting Files";
			sourceTree = "<group>";
		};
		65B66DDA195246AB00947DCE = {
			isa = PBXGroup;
			children = (
				65B66DE5195246AB00947DCE /* SongDemon */,
				657F79041AF86D8900EEE85F /* SongDemon WatchKit Extension */,
				657F79161AF86D8900EEE85F /* SongDemon WatchKit App */,
				65B66DE4195246AB00947DCE /* Products */,
			);
			sourceTree = "<group>";
		};
		65B66DE4195246AB00947DCE /* Products */ = {
			isa = PBXGroup;
			children = (
				65B66DE3195246AB00947DCE /* SongDemon.app */,
				657F79031AF86D8900EEE85F /* SongDemon WatchKit Extension.appex */,
				657F79121AF86D8900EEE85F /* SongDemon WatchKit App.app */,
			);
			name = Products;
			sourceTree = "<group>";
		};
		65B66DE5195246AB00947DCE /* SongDemon */ = {
			isa = PBXGroup;
			children = (
				652779B41B045DCA004E0C5A /* SongDemon.entitlements */,
				6522D5C119D773EB00FAB3AD /* SongDemon-Bridging-Header.h */,
				6522D5BF19D7739900FAB3AD /* FacebookSDK.framework */,
				65B66DE7195246AB00947DCE /* Info.plist */,
				65B66DEE195246AB00947DCE /* Main.storyboard */,
				65B66DE8195246AB00947DCE /* AppDelegate.swift */,
				6571CCB619CFCFB300ADF07F /* 3rdParty */,
				657693BB19883510008E25E6 /* Classes */,
				657693BA198834D4008E25E6 /* UI */,
				65E7743219528D6100DD31DB /* Resources */,
				65B66DF1195246AB00947DCE /* Images.xcassets */,
			);
			name = SongDemon;
			path = SwiftSong;
			sourceTree = "<group>";
		};
		65E7743219528D6100DD31DB /* Resources */ = {
			isa = PBXGroup;
			children = (
				65F7086C19982E8300179340 /* black-red-note-120.png */,
				657F792C1AF8777500EEE85F /* jakegiz.jpg */,
				65F195621A46164700A7539C /* 702-share.png */,
				65F195631A46164700A7539C /* 702-share@2x.png */,
				65F195641A46164700A7539C /* 702-share@3x.png */,
				65E119F019B4EE2300757B87 /* videotemplate.html */,
				65E7745B19528D6100DD31DB /* sample-album-art.jpg */,
				65B1ED871990223E0024F984 /* sample-album-art2.jpg */,
				65E7743719528D6100DD31DB /* 708-search.png */,
				65E7743819528D6100DD31DB /* 708-search@2x.png */,
				65FBA0891A4544480037C7E0 /* 708-search@3x.png */,
				65B81BE619C91892005EA079 /* 765-arrow-left.png */,
				65B81BE719C91892005EA079 /* 765-arrow-left@2x.png */,
				65FBA0911A4544C80037C7E0 /* 765-arrow-left@3x.png */,
				65B81BE819C91892005EA079 /* 766-arrow-right.png */,
				65B81BE919C91892005EA079 /* 766-arrow-right@2x.png */,
				65FBA0921A4544C80037C7E0 /* 766-arrow-right@3x.png */,
				65B1ED7B198F21650024F984 /* 777-thumbs-up-selected.png */,
				65B1ED7C198F21650024F984 /* 777-thumbs-up-selected@2x.png */,
				65FBA0951A4545080037C7E0 /* 777-thumbs-up-selected@3x.png */,
				65B1ED77198F214A0024F984 /* 777-thumbs-up.png */,
				65B1ED78198F214A0024F984 /* 777-thumbs-up@2x.png */,
				65FBA08D1A4544AA0037C7E0 /* 777-thumbs-up@3x.png */,
				65E7744519528D6100DD31DB /* 778-thumbs-down.png */,
				65E7744619528D6100DD31DB /* 778-thumbs-down@2x.png */,
				65FBA08E1A4544AA0037C7E0 /* 778-thumbs-down@3x.png */,
				65DC55E2198B3D0000ABE255 /* 1176-bulleted-list.png */,
				65DC55E3198B3D0000ABE255 /* 1176-bulleted-list@2x.png */,
				65FBA0851A4543D90037C7E0 /* 1176-bulleted-list@3x.png */,
				6552BFF31A3FED7500E77322 /* blacklab2.png */,
				65E7D2AA1A17F01200C430AF /* GoatwhoreLastFM.png */,
				65E7744B19528D6100DD31DB /* note120x120.png */,
				65B1ED5F198CA3F40024F984 /* pause.png */,
				65B1ED60198CA3F40024F984 /* pause@2x.png */,
				65B1ED6B198CA6B60024F984 /* pentagram.png */,
				65B1ED6D198CA7520024F984 /* pentagram@2x.png */,
				65F7085C19981D1A00179340 /* play-75.png */,
				65F7085D19981D1A00179340 /* play-75@2x.png */,
				65587F4619B404A400375C98 /* sample-video-image.png */,
				65E7745E19528D6100DD31DB /* slider_maximum.png */,
				65E7745F19528D6100DD31DB /* slider_maximum@2x.png */,
				65E7746019528D6100DD31DB /* slider_minimum.png */,
				65E7746119528D6100DD31DB /* slider_minimum@2x.png */,
				65E7746419528D6100DD31DB /* sliderlabel.png */,
				65E7746519528D6100DD31DB /* sliderlabel@2x.png */,
			);
			path = Resources;
			sourceTree = "<group>";
		};
		65FBA0A11A4B7FA60037C7E0 /* Swifty */ = {
			isa = PBXGroup;
			children = (
				65B1CEED1AF80E9C00FC4C33 /* SwiftyJSON.h */,
				65B1CEEE1AF80E9C00FC4C33 /* SwiftyJSON.swift */,
			);
			name = Swifty;
			sourceTree = "<group>";
		};
/* End PBXGroup section */

/* Begin PBXNativeTarget section */
		657F79021AF86D8900EEE85F /* SongDemon WatchKit Extension */ = {
			isa = PBXNativeTarget;
			buildConfigurationList = 657F79281AF86D8900EEE85F /* Build configuration list for PBXNativeTarget "SongDemon WatchKit Extension" */;
			buildPhases = (
				657F78FF1AF86D8900EEE85F /* Sources */,
				657F79001AF86D8900EEE85F /* Frameworks */,
				657F79011AF86D8900EEE85F /* Resources */,
			);
			buildRules = (
			);
			dependencies = (
				657F79151AF86D8900EEE85F /* PBXTargetDependency */,
			);
			name = "SongDemon WatchKit Extension";
			productName = "SongDemon WatchKit Extension";
			productReference = 657F79031AF86D8900EEE85F /* SongDemon WatchKit Extension.appex */;
			productType = "com.apple.product-type.watchkit-extension";
		};
		657F79111AF86D8900EEE85F /* SongDemon WatchKit App */ = {
			isa = PBXNativeTarget;
			buildConfigurationList = 657F79271AF86D8900EEE85F /* Build configuration list for PBXNativeTarget "SongDemon WatchKit App" */;
			buildPhases = (
				657F79101AF86D8900EEE85F /* Resources */,
			);
			buildRules = (
			);
			dependencies = (
			);
			name = "SongDemon WatchKit App";
			productName = "SongDemon WatchKit App";
			productReference = 657F79121AF86D8900EEE85F /* SongDemon WatchKit App.app */;
			productType = "com.apple.product-type.application.watchapp";
		};
		65B66DE2195246AB00947DCE /* SongDemon */ = {
			isa = PBXNativeTarget;
			buildConfigurationList = 65B66E01195246AB00947DCE /* Build configuration list for PBXNativeTarget "SongDemon" */;
			buildPhases = (
				65B66DDF195246AB00947DCE /* Sources */,
				65B66DE0195246AB00947DCE /* Frameworks */,
				65B66DE1195246AB00947DCE /* Resources */,
				657F79291AF86D8900EEE85F /* Embed App Extensions */,
			);
			buildRules = (
			);
			dependencies = (
				657F791F1AF86D8900EEE85F /* PBXTargetDependency */,
			);
			name = SongDemon;
			productName = SwiftSong;
			productReference = 65B66DE3195246AB00947DCE /* SongDemon.app */;
			productType = "com.apple.product-type.application";
		};
/* End PBXNativeTarget section */

/* Begin PBXProject section */
		65B66DDB195246AB00947DCE /* Project object */ = {
			isa = PBXProject;
			attributes = {
				LastUpgradeCheck = 0600;
				ORGANIZATIONNAME = crazy8dev;
				TargetAttributes = {
					657F79021AF86D8900EEE85F = {
						CreatedOnToolsVersion = 6.3.1;
						DevelopmentTeam = K9HP5J9XB3;
						SystemCapabilities = {
							com.apple.ApplicationGroups.iOS = {
								enabled = 1;
							};
						};
					};
					657F79111AF86D8900EEE85F = {
						CreatedOnToolsVersion = 6.3.1;
					};
					65B66DE2195246AB00947DCE = {
						CreatedOnToolsVersion = 6.0;
						DevelopmentTeam = K9HP5J9XB3;
						SystemCapabilities = {
							com.apple.ApplicationGroups.iOS = {
								enabled = 1;
							};
							com.apple.BackgroundModes = {
								enabled = 1;
							};
						};
					};
				};
			};
			buildConfigurationList = 65B66DDE195246AB00947DCE /* Build configuration list for PBXProject "SongDemon" */;
			compatibilityVersion = "Xcode 3.2";
			developmentRegion = English;
			hasScannedForEncodings = 0;
			knownRegions = (
				en,
				Base,
			);
			mainGroup = 65B66DDA195246AB00947DCE;
			productRefGroup = 65B66DE4195246AB00947DCE /* Products */;
			projectDirPath = "";
			projectRoot = "";
			targets = (
				65B66DE2195246AB00947DCE /* SongDemon */,
				657F79021AF86D8900EEE85F /* SongDemon WatchKit Extension */,
				657F79111AF86D8900EEE85F /* SongDemon WatchKit App */,
			);
		};
/* End PBXProject section */

/* Begin PBXResourcesBuildPhase section */
		657F79011AF86D8900EEE85F /* Resources */ = {
			isa = PBXResourcesBuildPhase;
			buildActionMask = 2147483647;
			files = (
				657F790F1AF86D8900EEE85F /* Images.xcassets in Resources */,
				657F79131AF86D8900EEE85F /* SongDemon WatchKit App.app in Resources */,
			);
			runOnlyForDeploymentPostprocessing = 0;
		};
		657F79101AF86D8900EEE85F /* Resources */ = {
			isa = PBXResourcesBuildPhase;
			buildActionMask = 2147483647;
			files = (
				657F791B1AF86D8900EEE85F /* Interface.storyboard in Resources */,
				657F792F1AF879DC00EEE85F /* Media.xcassets in Resources */,
			);
			runOnlyForDeploymentPostprocessing = 0;
		};
		65B66DE1195246AB00947DCE /* Resources */ = {
			isa = PBXResourcesBuildPhase;
			buildActionMask = 2147483647;
			files = (
				65B1ED6C198CA6B60024F984 /* pentagram.png in Resources */,
				65B1ED79198F214A0024F984 /* 777-thumbs-up.png in Resources */,
				65F7085F19981D1A00179340 /* play-75@2x.png in Resources */,
				65E7746D19528D6100DD31DB /* 708-search@2x.png in Resources */,
				65FBA0931A4544C80037C7E0 /* 765-arrow-left@3x.png in Resources */,
				65B66DF0195246AB00947DCE /* Main.storyboard in Resources */,
				65E7746C19528D6100DD31DB /* 708-search.png in Resources */,
				65B81BED19C91892005EA079 /* 766-arrow-right@2x.png in Resources */,
				65B1ED62198CA3F40024F984 /* pause@2x.png in Resources */,
				65FBA08A1A4544480037C7E0 /* 708-search@3x.png in Resources */,
				65E7749019528D6100DD31DB /* sample-album-art.jpg in Resources */,
				65B1ED7E198F21650024F984 /* 777-thumbs-up-selected@2x.png in Resources */,
				65B1ED61198CA3F40024F984 /* pause.png in Resources */,
				65587F4719B404A400375C98 /* sample-video-image.png in Resources */,
				65B81BEC19C91892005EA079 /* 766-arrow-right.png in Resources */,
				65E7748019528D6100DD31DB /* note120x120.png in Resources */,
				65FBA0941A4544C80037C7E0 /* 766-arrow-right@3x.png in Resources */,
				6552BFF41A3FED7500E77322 /* blacklab2.png in Resources */,
				65F7085E19981D1A00179340 /* play-75.png in Resources */,
				65DC55E4198B3D0000ABE255 /* 1176-bulleted-list.png in Resources */,
				65FBA0861A4543D90037C7E0 /* 1176-bulleted-list@3x.png in Resources */,
				65B1ED7A198F214A0024F984 /* 777-thumbs-up@2x.png in Resources */,
				65E7749619528D6100DD31DB /* slider_minimum@2x.png in Resources */,
				65B81BEA19C91892005EA079 /* 765-arrow-left.png in Resources */,
				65F195651A46164700A7539C /* 702-share.png in Resources */,
				65E7749919528D6100DD31DB /* sliderlabel.png in Resources */,
				65E7747A19528D6100DD31DB /* 778-thumbs-down.png in Resources */,
				65FBA0961A4545080037C7E0 /* 777-thumbs-up-selected@3x.png in Resources */,
				65B1ED6E198CA7520024F984 /* pentagram@2x.png in Resources */,
				65DC55E5198B3D0000ABE255 /* 1176-bulleted-list@2x.png in Resources */,
				65E7749319528D6100DD31DB /* slider_maximum.png in Resources */,
				65F195671A46164700A7539C /* 702-share@3x.png in Resources */,
				65B81BEB19C91892005EA079 /* 765-arrow-left@2x.png in Resources */,
				65E7747B19528D6100DD31DB /* 778-thumbs-down@2x.png in Resources */,
				65F7086D19982E8300179340 /* black-red-note-120.png in Resources */,
				65B1ED881990223E0024F984 /* sample-album-art2.jpg in Resources */,
				65E7749519528D6100DD31DB /* slider_minimum.png in Resources */,
				65B66DF2195246AB00947DCE /* Images.xcassets in Resources */,
				65B1ED7D198F21650024F984 /* 777-thumbs-up-selected.png in Resources */,
				65E7749A19528D6100DD31DB /* sliderlabel@2x.png in Resources */,
				65E7749419528D6100DD31DB /* slider_maximum@2x.png in Resources */,
				65FBA08F1A4544AA0037C7E0 /* 777-thumbs-up@3x.png in Resources */,
				65E7D2AB1A17F01200C430AF /* GoatwhoreLastFM.png in Resources */,
				65E119F119B4EE2300757B87 /* videotemplate.html in Resources */,
				65FBA0901A4544AA0037C7E0 /* 778-thumbs-down@3x.png in Resources */,
				65F195661A46164700A7539C /* 702-share@2x.png in Resources */,
				657F792D1AF8777500EEE85F /* jakegiz.jpg in Resources */,
			);
			runOnlyForDeploymentPostprocessing = 0;
		};
/* End PBXResourcesBuildPhase section */

/* Begin PBXSourcesBuildPhase section */
		657F78FF1AF86D8900EEE85F /* Sources */ = {
			isa = PBXSourcesBuildPhase;
			buildActionMask = 2147483647;
			files = (
				65E5C03F1B04405700BC955C /* Utils.swift in Sources */,
				651242A41B069E54006248A0 /* TimeStruct.swift in Sources */,
				651242A31B069E44006248A0 /* Extensions.swift in Sources */,
				6555712F1AFC8DBF00FF3B2B /* Async.swift in Sources */,
				651242A21B066163006248A0 /* MusicPlayer.swift in Sources */,
				657F790B1AF86D8900EEE85F /* NotificationController.swift in Sources */,
				657F79091AF86D8900EEE85F /* InterfaceController.swift in Sources */,
				657F790D1AF86D8900EEE85F /* GlanceController.swift in Sources */,
				651242A11B065F14006248A0 /* ITunesUtils.swift in Sources */,
				651242A01B065EBE006248A0 /* Constants.swift in Sources */,
				65EB5FC61B094A9500DE9AD9 /* LibraryManager.swift in Sources */,
			);
			runOnlyForDeploymentPostprocessing = 0;
		};
		65B66DDF195246AB00947DCE /* Sources */ = {
			isa = PBXSourcesBuildPhase;
			buildActionMask = 2147483647;
			files = (
				65E0487F1953A5D50080031C /* LibraryManager.swift in Sources */,
				656BA32E1A225E790042DD47 /* SearchAlbumController.swift in Sources */,
				65D614541A19BAC40046E66C /* LastFMUtils.swift in Sources */,
				6522D5C519D7ACD900FAB3AD /* FacebookUtils.swift in Sources */,
				65B1ED86199016930024F984 /* PlaylistCell.swift in Sources */,
				65F3BABE198749B7009916C1 /* SongInfo.swift in Sources */,
				65A9112E196B9C49007B59D6 /* Lyrics.swift in Sources */,
				65B1CEF11AF81DEF00FC4C33 /* FileManager.swift in Sources */,
				65164C37196CF62400644EF4 /* UIHelpers.swift in Sources */,
				65587F4319B400BA00375C98 /* VideoListController.swift in Sources */,
				6557D9EE1997412500A0A87E /* TimeStruct.swift in Sources */,
				65B1CEEF1AF80E9C00FC4C33 /* SwiftyJSON.swift in Sources */,
				65E119F319B4F98200757B87 /* PlayVideoController.swift in Sources */,
				65B66E7319524A8300947DCE /* MainController.swift in Sources */,
				65E048821953B1DB0080031C /* MusicPlayer.swift in Sources */,
				65B2A5A319529B0E00C3BE89 /* ITunesUtils.swift in Sources */,
				657693B919883069008E25E6 /* LyricsController.swift in Sources */,
				6557D9F01997414600A0A87E /* Extensions.swift in Sources */,
				656BA3301A2278A80042DD47 /* SearchAlbumTitleCell.swift in Sources */,
				6571CCB819CFCFCD00ADF07F /* Async.swift in Sources */,
				65B66DE9195246AB00947DCE /* AppDelegate.swift in Sources */,
				65587F4919B4099A00375C98 /* Videos.swift in Sources */,
				656BA3321A2295DA0042DD47 /* SearchAlbumTrackCell.swift in Sources */,
				6512429F1B065EBE006248A0 /* Constants.swift in Sources */,
				65587F4519B4034100375C98 /* VideoCell.swift in Sources */,
				65304F0D196CAB9E00F985D3 /* Utils.swift in Sources */,
				65EFCD1B1A17EA20000ECF93 /* SearchArtistController.swift in Sources */,
				65D4F0B619A58CB600FB30A2 /* PlaylistAlbumSongCell.swift in Sources */,
				65E7D2AD1A17F2B200C430AF /* SearchArtistCell.swift in Sources */,
				65D4F0B819A59B2100FB30A2 /* PlaylistAlbumTitleCell.swift in Sources */,
				65FBA09D1A4B7F730037C7E0 /* SearchController.swift in Sources */,
				65B1ED80198F41060024F984 /* PlaylistController.swift in Sources */,
				65F3BAF319876E28009916C1 /* RootController.swift in Sources */,
			);
			runOnlyForDeploymentPostprocessing = 0;
		};
/* End PBXSourcesBuildPhase section */

/* Begin PBXTargetDependency section */
		657F79151AF86D8900EEE85F /* PBXTargetDependency */ = {
			isa = PBXTargetDependency;
			target = 657F79111AF86D8900EEE85F /* SongDemon WatchKit App */;
			targetProxy = 657F79141AF86D8900EEE85F /* PBXContainerItemProxy */;
		};
		657F791F1AF86D8900EEE85F /* PBXTargetDependency */ = {
			isa = PBXTargetDependency;
			target = 657F79021AF86D8900EEE85F /* SongDemon WatchKit Extension */;
			targetProxy = 657F791E1AF86D8900EEE85F /* PBXContainerItemProxy */;
		};
/* End PBXTargetDependency section */

/* Begin PBXVariantGroup section */
		657F79191AF86D8900EEE85F /* Interface.storyboard */ = {
			isa = PBXVariantGroup;
			children = (
				657F791A1AF86D8900EEE85F /* Base */,
			);
			name = Interface.storyboard;
			sourceTree = "<group>";
		};
		65B66DEE195246AB00947DCE /* Main.storyboard */ = {
			isa = PBXVariantGroup;
			children = (
				65B66DEF195246AB00947DCE /* Base */,
			);
			name = Main.storyboard;
			sourceTree = "<group>";
		};
/* End PBXVariantGroup section */

/* Begin XCBuildConfiguration section */
		65714A1419F701C200539DEB /* Distribution */ = {
			isa = XCBuildConfiguration;
			buildSettings = {
				ALWAYS_SEARCH_USER_PATHS = NO;
				CLANG_CXX_LANGUAGE_STANDARD = "gnu++0x";
				CLANG_CXX_LIBRARY = "libc++";
				CLANG_ENABLE_MODULES = YES;
				CLANG_ENABLE_OBJC_ARC = YES;
				CLANG_WARN_BOOL_CONVERSION = YES;
				CLANG_WARN_CONSTANT_CONVERSION = YES;
				CLANG_WARN_DIRECT_OBJC_ISA_USAGE = YES_ERROR;
				CLANG_WARN_EMPTY_BODY = YES;
				CLANG_WARN_ENUM_CONVERSION = YES;
				CLANG_WARN_INT_CONVERSION = YES;
				CLANG_WARN_OBJC_ROOT_CLASS = YES_ERROR;
				CLANG_WARN_UNREACHABLE_CODE = YES;
				CLANG_WARN__DUPLICATE_METHOD_MATCH = YES;
				"CODE_SIGN_IDENTITY[sdk=iphoneos*]" = "iPhone Developer";
				COPY_PHASE_STRIP = YES;
				ENABLE_NS_ASSERTIONS = NO;
				ENABLE_STRICT_OBJC_MSGSEND = YES;
				GCC_C_LANGUAGE_STANDARD = gnu99;
				GCC_WARN_64_TO_32_BIT_CONVERSION = YES;
				GCC_WARN_ABOUT_RETURN_TYPE = YES_ERROR;
				GCC_WARN_UNDECLARED_SELECTOR = YES;
				GCC_WARN_UNINITIALIZED_AUTOS = YES_AGGRESSIVE;
				GCC_WARN_UNUSED_FUNCTION = YES;
				GCC_WARN_UNUSED_VARIABLE = YES;
				IPHONEOS_DEPLOYMENT_TARGET = 8.1;
				METAL_ENABLE_DEBUG_INFO = NO;
				SDKROOT = iphoneos;
				VALIDATE_PRODUCT = YES;
			};
			name = Distribution;
		};
		65714A1519F701C200539DEB /* Distribution */ = {
			isa = XCBuildConfiguration;
			buildSettings = {
				ASSETCATALOG_COMPILER_APPICON_NAME = AppIcon;
				ASSETCATALOG_COMPILER_LAUNCHIMAGE_NAME = LaunchImage;
				CLANG_ENABLE_MODULES = YES;
				CODE_SIGN_ENTITLEMENTS = SongDemon.entitlements;
				CODE_SIGN_IDENTITY = "iPhone Developer";
				"CODE_SIGN_IDENTITY[sdk=iphoneos*]" = "iPhone Developer";
				FRAMEWORK_SEARCH_PATHS = (
					"$(inherited)",
					"$(PROJECT_DIR)/SwiftSong",
				);
				INFOPLIST_FILE = SwiftSong/Info.plist;
				LD_RUNPATH_SEARCH_PATHS = "$(inherited) @executable_path/Frameworks";
				PRODUCT_NAME = SongDemon;
				PROVISIONING_PROFILE = "";
				SWIFT_OBJC_BRIDGING_HEADER = "SongDemon-Bridging-Header.h";
			};
			name = Distribution;
		};
		657F79211AF86D8900EEE85F /* Debug */ = {
			isa = XCBuildConfiguration;
			buildSettings = {
				CODE_SIGN_ENTITLEMENTS = "SongDemon WatchKit Extension/SongDemon WatchKit Extension.entitlements";
				CODE_SIGN_IDENTITY = "iPhone Developer";
				"CODE_SIGN_IDENTITY[sdk=iphoneos*]" = "iPhone Developer";
				DEBUG_INFORMATION_FORMAT = "dwarf-with-dsym";
				GCC_NO_COMMON_BLOCKS = YES;
				GCC_PREPROCESSOR_DEFINITIONS = (
					"DEBUG=1",
					"$(inherited)",
				);
				INFOPLIST_FILE = "SongDemon WatchKit Extension/Info.plist";
				IPHONEOS_DEPLOYMENT_TARGET = 8.3;
				LD_RUNPATH_SEARCH_PATHS = "$(inherited) @executable_path/Frameworks @executable_path/../../Frameworks";
				MTL_ENABLE_DEBUG_INFO = YES;
				PRODUCT_NAME = "${TARGET_NAME}";
				PROVISIONING_PROFILE = "";
				SDKROOT = iphoneos8.3;
				SKIP_INSTALL = YES;
			};
			name = Debug;
		};
		657F79221AF86D8900EEE85F /* Release */ = {
			isa = XCBuildConfiguration;
			buildSettings = {
				CODE_SIGN_ENTITLEMENTS = "SongDemon WatchKit Extension/SongDemon WatchKit Extension.entitlements";
				CODE_SIGN_IDENTITY = "iPhone Developer";
				"CODE_SIGN_IDENTITY[sdk=iphoneos*]" = "iPhone Developer";
				COPY_PHASE_STRIP = NO;
				DEBUG_INFORMATION_FORMAT = "dwarf-with-dsym";
				GCC_NO_COMMON_BLOCKS = YES;
				INFOPLIST_FILE = "SongDemon WatchKit Extension/Info.plist";
				IPHONEOS_DEPLOYMENT_TARGET = 8.3;
				LD_RUNPATH_SEARCH_PATHS = "$(inherited) @executable_path/Frameworks @executable_path/../../Frameworks";
				MTL_ENABLE_DEBUG_INFO = NO;
				PRODUCT_NAME = "${TARGET_NAME}";
				PROVISIONING_PROFILE = "";
				SDKROOT = iphoneos8.3;
				SKIP_INSTALL = YES;
			};
			name = Release;
		};
		657F79231AF86D8900EEE85F /* Distribution */ = {
			isa = XCBuildConfiguration;
			buildSettings = {
				CODE_SIGN_ENTITLEMENTS = "SongDemon WatchKit Extension/SongDemon WatchKit Extension.entitlements";
				CODE_SIGN_IDENTITY = "iPhone Developer";
				"CODE_SIGN_IDENTITY[sdk=iphoneos*]" = "iPhone Developer";
				COPY_PHASE_STRIP = NO;
				DEBUG_INFORMATION_FORMAT = "dwarf-with-dsym";
				GCC_NO_COMMON_BLOCKS = YES;
				INFOPLIST_FILE = "SongDemon WatchKit Extension/Info.plist";
				IPHONEOS_DEPLOYMENT_TARGET = 8.3;
				LD_RUNPATH_SEARCH_PATHS = "$(inherited) @executable_path/Frameworks @executable_path/../../Frameworks";
				MTL_ENABLE_DEBUG_INFO = NO;
				PRODUCT_NAME = "${TARGET_NAME}";
				PROVISIONING_PROFILE = "";
				SDKROOT = iphoneos8.3;
				SKIP_INSTALL = YES;
			};
			name = Distribution;
		};
		657F79241AF86D8900EEE85F /* Debug */ = {
			isa = XCBuildConfiguration;
			buildSettings = {
				ASSETCATALOG_COMPILER_APPICON_NAME = AppIcon;
				DEBUG_INFORMATION_FORMAT = "dwarf-with-dsym";
				GCC_NO_COMMON_BLOCKS = YES;
				GCC_PREPROCESSOR_DEFINITIONS = (
					"DEBUG=1",
					"$(inherited)",
				);
				IBSC_MODULE = SongDemon_WatchKit_Extension;
				INFOPLIST_FILE = "SongDemon WatchKit App/Info.plist";
				IPHONEOS_DEPLOYMENT_TARGET = 8.2;
				MTL_ENABLE_DEBUG_INFO = YES;
				PRODUCT_NAME = "$(TARGET_NAME)";
				SKIP_INSTALL = YES;
				TARGETED_DEVICE_FAMILY = 4;
				"TARGETED_DEVICE_FAMILY[sdk=iphonesimulator*]" = "1,4";
			};
			name = Debug;
		};
		657F79251AF86D8900EEE85F /* Release */ = {
			isa = XCBuildConfiguration;
			buildSettings = {
				ASSETCATALOG_COMPILER_APPICON_NAME = AppIcon;
				COPY_PHASE_STRIP = NO;
				DEBUG_INFORMATION_FORMAT = "dwarf-with-dsym";
				GCC_NO_COMMON_BLOCKS = YES;
				IBSC_MODULE = SongDemon_WatchKit_Extension;
				INFOPLIST_FILE = "SongDemon WatchKit App/Info.plist";
				IPHONEOS_DEPLOYMENT_TARGET = 8.2;
				MTL_ENABLE_DEBUG_INFO = NO;
				PRODUCT_NAME = "$(TARGET_NAME)";
				SKIP_INSTALL = YES;
				TARGETED_DEVICE_FAMILY = 4;
				"TARGETED_DEVICE_FAMILY[sdk=iphonesimulator*]" = "1,4";
			};
			name = Release;
		};
		657F79261AF86D8900EEE85F /* Distribution */ = {
			isa = XCBuildConfiguration;
			buildSettings = {
				ASSETCATALOG_COMPILER_APPICON_NAME = AppIcon;
				COPY_PHASE_STRIP = NO;
				DEBUG_INFORMATION_FORMAT = "dwarf-with-dsym";
				GCC_NO_COMMON_BLOCKS = YES;
				IBSC_MODULE = SongDemon_WatchKit_Extension;
				INFOPLIST_FILE = "SongDemon WatchKit App/Info.plist";
				IPHONEOS_DEPLOYMENT_TARGET = 8.2;
				MTL_ENABLE_DEBUG_INFO = NO;
				PRODUCT_NAME = "$(TARGET_NAME)";
				SKIP_INSTALL = YES;
				TARGETED_DEVICE_FAMILY = 4;
				"TARGETED_DEVICE_FAMILY[sdk=iphonesimulator*]" = "1,4";
			};
			name = Distribution;
		};
		65B66DFF195246AB00947DCE /* Debug */ = {
			isa = XCBuildConfiguration;
			buildSettings = {
				ALWAYS_SEARCH_USER_PATHS = NO;
				CLANG_CXX_LANGUAGE_STANDARD = "gnu++0x";
				CLANG_CXX_LIBRARY = "libc++";
				CLANG_ENABLE_MODULES = YES;
				CLANG_ENABLE_OBJC_ARC = YES;
				CLANG_WARN_BOOL_CONVERSION = YES;
				CLANG_WARN_CONSTANT_CONVERSION = YES;
				CLANG_WARN_DIRECT_OBJC_ISA_USAGE = YES_ERROR;
				CLANG_WARN_EMPTY_BODY = YES;
				CLANG_WARN_ENUM_CONVERSION = YES;
				CLANG_WARN_INT_CONVERSION = YES;
				CLANG_WARN_OBJC_ROOT_CLASS = YES_ERROR;
				CLANG_WARN_UNREACHABLE_CODE = YES;
				CLANG_WARN__DUPLICATE_METHOD_MATCH = YES;
				"CODE_SIGN_IDENTITY[sdk=iphoneos*]" = "iPhone Developer";
				COPY_PHASE_STRIP = NO;
				ENABLE_STRICT_OBJC_MSGSEND = YES;
				GCC_C_LANGUAGE_STANDARD = gnu99;
				GCC_DYNAMIC_NO_PIC = NO;
				GCC_OPTIMIZATION_LEVEL = 0;
				GCC_PREPROCESSOR_DEFINITIONS = (
					"DEBUG=1",
					"$(inherited)",
				);
				GCC_SYMBOLS_PRIVATE_EXTERN = NO;
				GCC_WARN_64_TO_32_BIT_CONVERSION = YES;
				GCC_WARN_ABOUT_RETURN_TYPE = YES_ERROR;
				GCC_WARN_UNDECLARED_SELECTOR = YES;
				GCC_WARN_UNINITIALIZED_AUTOS = YES_AGGRESSIVE;
				GCC_WARN_UNUSED_FUNCTION = YES;
				GCC_WARN_UNUSED_VARIABLE = YES;
				IPHONEOS_DEPLOYMENT_TARGET = 8.1;
				METAL_ENABLE_DEBUG_INFO = YES;
				ONLY_ACTIVE_ARCH = YES;
				SDKROOT = iphoneos;
				SWIFT_OPTIMIZATION_LEVEL = "-Onone";
			};
			name = Debug;
		};
		65B66E00195246AB00947DCE /* Release */ = {
			isa = XCBuildConfiguration;
			buildSettings = {
				ALWAYS_SEARCH_USER_PATHS = NO;
				CLANG_CXX_LANGUAGE_STANDARD = "gnu++0x";
				CLANG_CXX_LIBRARY = "libc++";
				CLANG_ENABLE_MODULES = YES;
				CLANG_ENABLE_OBJC_ARC = YES;
				CLANG_WARN_BOOL_CONVERSION = YES;
				CLANG_WARN_CONSTANT_CONVERSION = YES;
				CLANG_WARN_DIRECT_OBJC_ISA_USAGE = YES_ERROR;
				CLANG_WARN_EMPTY_BODY = YES;
				CLANG_WARN_ENUM_CONVERSION = YES;
				CLANG_WARN_INT_CONVERSION = YES;
				CLANG_WARN_OBJC_ROOT_CLASS = YES_ERROR;
				CLANG_WARN_UNREACHABLE_CODE = YES;
				CLANG_WARN__DUPLICATE_METHOD_MATCH = YES;
				"CODE_SIGN_IDENTITY[sdk=iphoneos*]" = "iPhone Developer";
				COPY_PHASE_STRIP = YES;
				ENABLE_NS_ASSERTIONS = NO;
				ENABLE_STRICT_OBJC_MSGSEND = YES;
				GCC_C_LANGUAGE_STANDARD = gnu99;
				GCC_WARN_64_TO_32_BIT_CONVERSION = YES;
				GCC_WARN_ABOUT_RETURN_TYPE = YES_ERROR;
				GCC_WARN_UNDECLARED_SELECTOR = YES;
				GCC_WARN_UNINITIALIZED_AUTOS = YES_AGGRESSIVE;
				GCC_WARN_UNUSED_FUNCTION = YES;
				GCC_WARN_UNUSED_VARIABLE = YES;
				IPHONEOS_DEPLOYMENT_TARGET = 8.1;
				METAL_ENABLE_DEBUG_INFO = NO;
				SDKROOT = iphoneos;
				VALIDATE_PRODUCT = YES;
			};
			name = Release;
		};
		65B66E02195246AB00947DCE /* Debug */ = {
			isa = XCBuildConfiguration;
			buildSettings = {
				ASSETCATALOG_COMPILER_APPICON_NAME = AppIcon;
				ASSETCATALOG_COMPILER_LAUNCHIMAGE_NAME = LaunchImage;
				CLANG_ENABLE_MODULES = YES;
				CODE_SIGN_ENTITLEMENTS = SongDemon.entitlements;
				CODE_SIGN_IDENTITY = "iPhone Developer";
				"CODE_SIGN_IDENTITY[sdk=iphoneos*]" = "iPhone Developer";
				FRAMEWORK_SEARCH_PATHS = (
					"$(inherited)",
					"$(PROJECT_DIR)/SwiftSong",
				);
				INFOPLIST_FILE = SwiftSong/Info.plist;
				LD_RUNPATH_SEARCH_PATHS = "$(inherited) @executable_path/Frameworks";
				PRODUCT_NAME = SongDemon;
				PROVISIONING_PROFILE = "";
				SWIFT_OBJC_BRIDGING_HEADER = "SongDemon-Bridging-Header.h";
				SWIFT_OPTIMIZATION_LEVEL = "-Onone";
			};
			name = Debug;
		};
		65B66E03195246AB00947DCE /* Release */ = {
			isa = XCBuildConfiguration;
			buildSettings = {
				ASSETCATALOG_COMPILER_APPICON_NAME = AppIcon;
				ASSETCATALOG_COMPILER_LAUNCHIMAGE_NAME = LaunchImage;
				CLANG_ENABLE_MODULES = YES;
				CODE_SIGN_ENTITLEMENTS = SongDemon.entitlements;
				CODE_SIGN_IDENTITY = "iPhone Developer";
				"CODE_SIGN_IDENTITY[sdk=iphoneos*]" = "iPhone Developer";
				FRAMEWORK_SEARCH_PATHS = (
					"$(inherited)",
					"$(PROJECT_DIR)/SwiftSong",
				);
				INFOPLIST_FILE = SwiftSong/Info.plist;
				LD_RUNPATH_SEARCH_PATHS = "$(inherited) @executable_path/Frameworks";
				PRODUCT_NAME = SongDemon;
				PROVISIONING_PROFILE = "";
				SWIFT_OBJC_BRIDGING_HEADER = "SongDemon-Bridging-Header.h";
			};
			name = Release;
		};
/* End XCBuildConfiguration section */

/* Begin XCConfigurationList section */
		657F79271AF86D8900EEE85F /* Build configuration list for PBXNativeTarget "SongDemon WatchKit App" */ = {
			isa = XCConfigurationList;
			buildConfigurations = (
				657F79241AF86D8900EEE85F /* Debug */,
				657F79251AF86D8900EEE85F /* Release */,
				657F79261AF86D8900EEE85F /* Distribution */,
			);
			defaultConfigurationIsVisible = 0;
			defaultConfigurationName = Release;
		};
		657F79281AF86D8900EEE85F /* Build configuration list for PBXNativeTarget "SongDemon WatchKit Extension" */ = {
			isa = XCConfigurationList;
			buildConfigurations = (
				657F79211AF86D8900EEE85F /* Debug */,
				657F79221AF86D8900EEE85F /* Release */,
				657F79231AF86D8900EEE85F /* Distribution */,
			);
			defaultConfigurationIsVisible = 0;
			defaultConfigurationName = Release;
		};
		65B66DDE195246AB00947DCE /* Build configuration list for PBXProject "SongDemon" */ = {
			isa = XCConfigurationList;
			buildConfigurations = (
				65B66DFF195246AB00947DCE /* Debug */,
				65B66E00195246AB00947DCE /* Release */,
				65714A1419F701C200539DEB /* Distribution */,
			);
			defaultConfigurationIsVisible = 0;
			defaultConfigurationName = Release;
		};
		65B66E01195246AB00947DCE /* Build configuration list for PBXNativeTarget "SongDemon" */ = {
			isa = XCConfigurationList;
			buildConfigurations = (
				65B66E02195246AB00947DCE /* Debug */,
				65B66E03195246AB00947DCE /* Release */,
				65714A1519F701C200539DEB /* Distribution */,
			);
			defaultConfigurationIsVisible = 0;
			defaultConfigurationName = Release;
		};
/* End XCConfigurationList section */
	};
	rootObject = 65B66DDB195246AB00947DCE /* Project object */;
}
