// !$*UTF8*$!
{
	archiveVersion = 1;
	classes = {
	};
	objectVersion = 46;
	objects = {

/* Begin PBXBuildFile section */
		65164C37196CF62400644EF4 /* UIHelpers.swift in Sources */ = {isa = PBXBuildFile; fileRef = 65164C36196CF62400644EF4 /* UIHelpers.swift */; };
		65304F0D196CAB9E00F985D3 /* Utils.swift in Sources */ = {isa = PBXBuildFile; fileRef = 65304F0C196CAB9E00F985D3 /* Utils.swift */; };
		6557D9E919971F2800A0A87E /* 1244-record-selected.png in Resources */ = {isa = PBXBuildFile; fileRef = 6557D9E519971F2800A0A87E /* 1244-record-selected.png */; };
		6557D9EA19971F2800A0A87E /* 1244-record-selected@2x.png in Resources */ = {isa = PBXBuildFile; fileRef = 6557D9E619971F2800A0A87E /* 1244-record-selected@2x.png */; };
		6557D9EB19971F2800A0A87E /* 1244-record.png in Resources */ = {isa = PBXBuildFile; fileRef = 6557D9E719971F2800A0A87E /* 1244-record.png */; };
		6557D9EC19971F2800A0A87E /* 1244-record@2x.png in Resources */ = {isa = PBXBuildFile; fileRef = 6557D9E819971F2800A0A87E /* 1244-record@2x.png */; };
		6557D9EE1997412500A0A87E /* TimeStruct.swift in Sources */ = {isa = PBXBuildFile; fileRef = 6557D9ED1997412500A0A87E /* TimeStruct.swift */; };
		6557D9F01997414600A0A87E /* Extensions.swift in Sources */ = {isa = PBXBuildFile; fileRef = 6557D9EF1997414600A0A87E /* Extensions.swift */; };
		65587F4319B400BA00375C98 /* VideoController.swift in Sources */ = {isa = PBXBuildFile; fileRef = 65587F4219B400BA00375C98 /* VideoController.swift */; };
		65587F4519B4034100375C98 /* VideoCell.swift in Sources */ = {isa = PBXBuildFile; fileRef = 65587F4419B4034100375C98 /* VideoCell.swift */; };
		65587F4719B404A400375C98 /* sample-video-image.png in Resources */ = {isa = PBXBuildFile; fileRef = 65587F4619B404A400375C98 /* sample-video-image.png */; };
		65587F4919B4099A00375C98 /* Videos.swift in Sources */ = {isa = PBXBuildFile; fileRef = 65587F4819B4099A00375C98 /* Videos.swift */; };
		65587F4B19B40CCF00375C98 /* SwiftyJSON.swift in Sources */ = {isa = PBXBuildFile; fileRef = 65587F4A19B40CCF00375C98 /* SwiftyJSON.swift */; };
		657693B919883069008E25E6 /* LyricsController.swift in Sources */ = {isa = PBXBuildFile; fileRef = 657693B819883069008E25E6 /* LyricsController.swift */; };
		65A9112E196B9C49007B59D6 /* Lyrics.swift in Sources */ = {isa = PBXBuildFile; fileRef = 65A9112D196B9C49007B59D6 /* Lyrics.swift */; };
		65B1ED61198CA3F40024F984 /* pause.png in Resources */ = {isa = PBXBuildFile; fileRef = 65B1ED5F198CA3F40024F984 /* pause.png */; };
		65B1ED62198CA3F40024F984 /* pause@2x.png in Resources */ = {isa = PBXBuildFile; fileRef = 65B1ED60198CA3F40024F984 /* pause@2x.png */; };
		65B1ED65198CA5000024F984 /* fast-forward.png in Resources */ = {isa = PBXBuildFile; fileRef = 65B1ED63198CA5000024F984 /* fast-forward.png */; };
		65B1ED66198CA5000024F984 /* fast-forward@2x.png in Resources */ = {isa = PBXBuildFile; fileRef = 65B1ED64198CA5000024F984 /* fast-forward@2x.png */; };
		65B1ED69198CA5860024F984 /* rewind.png in Resources */ = {isa = PBXBuildFile; fileRef = 65B1ED67198CA5860024F984 /* rewind.png */; };
		65B1ED6A198CA5860024F984 /* rewind@2x.png in Resources */ = {isa = PBXBuildFile; fileRef = 65B1ED68198CA5860024F984 /* rewind@2x.png */; };
		65B1ED6C198CA6B60024F984 /* pentagram.png in Resources */ = {isa = PBXBuildFile; fileRef = 65B1ED6B198CA6B60024F984 /* pentagram.png */; };
		65B1ED6E198CA7520024F984 /* pentagram@2x.png in Resources */ = {isa = PBXBuildFile; fileRef = 65B1ED6D198CA7520024F984 /* pentagram@2x.png */; };
		65B1ED79198F214A0024F984 /* 777-thumbs-up.png in Resources */ = {isa = PBXBuildFile; fileRef = 65B1ED77198F214A0024F984 /* 777-thumbs-up.png */; };
		65B1ED7A198F214A0024F984 /* 777-thumbs-up@2x.png in Resources */ = {isa = PBXBuildFile; fileRef = 65B1ED78198F214A0024F984 /* 777-thumbs-up@2x.png */; };
		65B1ED7D198F21650024F984 /* 777-thumbs-up-selected.png in Resources */ = {isa = PBXBuildFile; fileRef = 65B1ED7B198F21650024F984 /* 777-thumbs-up-selected.png */; };
		65B1ED7E198F21650024F984 /* 777-thumbs-up-selected@2x.png in Resources */ = {isa = PBXBuildFile; fileRef = 65B1ED7C198F21650024F984 /* 777-thumbs-up-selected@2x.png */; };
		65B1ED80198F41060024F984 /* PlaylistController.swift in Sources */ = {isa = PBXBuildFile; fileRef = 65B1ED7F198F41060024F984 /* PlaylistController.swift */; };
		65B1ED86199016930024F984 /* PlaylistCell.swift in Sources */ = {isa = PBXBuildFile; fileRef = 65B1ED85199016930024F984 /* PlaylistCell.swift */; };
		65B1ED881990223E0024F984 /* sample-album-art2.jpg in Resources */ = {isa = PBXBuildFile; fileRef = 65B1ED871990223E0024F984 /* sample-album-art2.jpg */; };
		65B2A5A319529B0E00C3BE89 /* ITunesUtils.swift in Sources */ = {isa = PBXBuildFile; fileRef = 65B2A5A219529B0E00C3BE89 /* ITunesUtils.swift */; };
		65B66DE9195246AB00947DCE /* AppDelegate.swift in Sources */ = {isa = PBXBuildFile; fileRef = 65B66DE8195246AB00947DCE /* AppDelegate.swift */; };
		65B66DF0195246AB00947DCE /* Main.storyboard in Resources */ = {isa = PBXBuildFile; fileRef = 65B66DEE195246AB00947DCE /* Main.storyboard */; };
		65B66DF2195246AB00947DCE /* Images.xcassets in Resources */ = {isa = PBXBuildFile; fileRef = 65B66DF1195246AB00947DCE /* Images.xcassets */; };
		65B66E7319524A8300947DCE /* MainController.swift in Sources */ = {isa = PBXBuildFile; fileRef = 65B66E7219524A8300947DCE /* MainController.swift */; };
		65D4F0B619A58CB600FB30A2 /* PlaylistAlbumSongCell.swift in Sources */ = {isa = PBXBuildFile; fileRef = 65D4F0B519A58CB600FB30A2 /* PlaylistAlbumSongCell.swift */; };
		65D4F0B819A59B2100FB30A2 /* PlaylistAlbumTitleCell.swift in Sources */ = {isa = PBXBuildFile; fileRef = 65D4F0B719A59B2100FB30A2 /* PlaylistAlbumTitleCell.swift */; };
		65DC55E4198B3D0000ABE255 /* 1176-bulleted-list.png in Resources */ = {isa = PBXBuildFile; fileRef = 65DC55E2198B3D0000ABE255 /* 1176-bulleted-list.png */; };
		65DC55E5198B3D0000ABE255 /* 1176-bulleted-list@2x.png in Resources */ = {isa = PBXBuildFile; fileRef = 65DC55E3198B3D0000ABE255 /* 1176-bulleted-list@2x.png */; };
		65E0487F1953A5D50080031C /* LibraryManager.swift in Sources */ = {isa = PBXBuildFile; fileRef = 65E0487E1953A5D50080031C /* LibraryManager.swift */; };
		65E048821953B1DB0080031C /* MusicPlayer.swift in Sources */ = {isa = PBXBuildFile; fileRef = 65E048811953B1DB0080031C /* MusicPlayer.swift */; };
		65E7746A19528D6100DD31DB /* 702-share.png in Resources */ = {isa = PBXBuildFile; fileRef = 65E7743519528D6100DD31DB /* 702-share.png */; };
		65E7746B19528D6100DD31DB /* 702-share@2x.png in Resources */ = {isa = PBXBuildFile; fileRef = 65E7743619528D6100DD31DB /* 702-share@2x.png */; };
		65E7746C19528D6100DD31DB /* 708-search.png in Resources */ = {isa = PBXBuildFile; fileRef = 65E7743719528D6100DD31DB /* 708-search.png */; };
		65E7746D19528D6100DD31DB /* 708-search@2x.png in Resources */ = {isa = PBXBuildFile; fileRef = 65E7743819528D6100DD31DB /* 708-search@2x.png */; };
		65E7747A19528D6100DD31DB /* 778-thumbs-down.png in Resources */ = {isa = PBXBuildFile; fileRef = 65E7744519528D6100DD31DB /* 778-thumbs-down.png */; };
		65E7747B19528D6100DD31DB /* 778-thumbs-down@2x.png in Resources */ = {isa = PBXBuildFile; fileRef = 65E7744619528D6100DD31DB /* 778-thumbs-down@2x.png */; };
		65E7748019528D6100DD31DB /* note120x120.png in Resources */ = {isa = PBXBuildFile; fileRef = 65E7744B19528D6100DD31DB /* note120x120.png */; };
		65E7749019528D6100DD31DB /* sample-album-art.jpg in Resources */ = {isa = PBXBuildFile; fileRef = 65E7745B19528D6100DD31DB /* sample-album-art.jpg */; };
		65E7749319528D6100DD31DB /* slider_maximum.png in Resources */ = {isa = PBXBuildFile; fileRef = 65E7745E19528D6100DD31DB /* slider_maximum.png */; };
		65E7749419528D6100DD31DB /* slider_maximum@2x.png in Resources */ = {isa = PBXBuildFile; fileRef = 65E7745F19528D6100DD31DB /* slider_maximum@2x.png */; };
		65E7749519528D6100DD31DB /* slider_minimum.png in Resources */ = {isa = PBXBuildFile; fileRef = 65E7746019528D6100DD31DB /* slider_minimum.png */; };
		65E7749619528D6100DD31DB /* slider_minimum@2x.png in Resources */ = {isa = PBXBuildFile; fileRef = 65E7746119528D6100DD31DB /* slider_minimum@2x.png */; };
		65E7749919528D6100DD31DB /* sliderlabel.png in Resources */ = {isa = PBXBuildFile; fileRef = 65E7746419528D6100DD31DB /* sliderlabel.png */; };
		65E7749A19528D6100DD31DB /* sliderlabel@2x.png in Resources */ = {isa = PBXBuildFile; fileRef = 65E7746519528D6100DD31DB /* sliderlabel@2x.png */; };
		65F3BABE198749B7009916C1 /* SongInfo.swift in Sources */ = {isa = PBXBuildFile; fileRef = 65F3BABD198749B7009916C1 /* SongInfo.swift */; };
		65F3BAF319876E28009916C1 /* RootController.swift in Sources */ = {isa = PBXBuildFile; fileRef = 65F3BAF219876E28009916C1 /* RootController.swift */; };
		65F7085E19981D1A00179340 /* play-75.png in Resources */ = {isa = PBXBuildFile; fileRef = 65F7085C19981D1A00179340 /* play-75.png */; };
		65F7085F19981D1A00179340 /* play-75@2x.png in Resources */ = {isa = PBXBuildFile; fileRef = 65F7085D19981D1A00179340 /* play-75@2x.png */; };
		65F7086219981E1E00179340 /* 708-search-toolbar.png in Resources */ = {isa = PBXBuildFile; fileRef = 65F7086019981E1E00179340 /* 708-search-toolbar.png */; };
		65F7086319981E1E00179340 /* 708-search-toolbar@2x.png in Resources */ = {isa = PBXBuildFile; fileRef = 65F7086119981E1E00179340 /* 708-search-toolbar@2x.png */; };
		65F708661998238800179340 /* play-100.png in Resources */ = {isa = PBXBuildFile; fileRef = 65F708641998238800179340 /* play-100.png */; };
		65F708671998238800179340 /* play-100@2x.png in Resources */ = {isa = PBXBuildFile; fileRef = 65F708651998238800179340 /* play-100@2x.png */; };
		65F7086A1998283500179340 /* play-50.png in Resources */ = {isa = PBXBuildFile; fileRef = 65F708681998283500179340 /* play-50.png */; };
		65F7086B1998283500179340 /* play-50@2x.png in Resources */ = {isa = PBXBuildFile; fileRef = 65F708691998283500179340 /* play-50@2x.png */; };
		65F7086D19982E8300179340 /* black-red-note-120.png in Resources */ = {isa = PBXBuildFile; fileRef = 65F7086C19982E8300179340 /* black-red-note-120.png */; };
/* End PBXBuildFile section */

/* Begin PBXFileReference section */
		65164C36196CF62400644EF4 /* UIHelpers.swift */ = {isa = PBXFileReference; fileEncoding = 4; lastKnownFileType = sourcecode.swift; path = UIHelpers.swift; sourceTree = "<group>"; };
		65164C39196D007E00644EF4 /* Test.playground */ = {isa = PBXFileReference; lastKnownFileType = file.playground; path = Test.playground; sourceTree = "<group>"; };
		65304F0C196CAB9E00F985D3 /* Utils.swift */ = {isa = PBXFileReference; fileEncoding = 4; lastKnownFileType = sourcecode.swift; path = Utils.swift; sourceTree = "<group>"; };
		6557D9E519971F2800A0A87E /* 1244-record-selected.png */ = {isa = PBXFileReference; lastKnownFileType = image.png; path = "1244-record-selected.png"; sourceTree = "<group>"; };
		6557D9E619971F2800A0A87E /* 1244-record-selected@2x.png */ = {isa = PBXFileReference; lastKnownFileType = image.png; path = "1244-record-selected@2x.png"; sourceTree = "<group>"; };
		6557D9E719971F2800A0A87E /* 1244-record.png */ = {isa = PBXFileReference; lastKnownFileType = image.png; path = "1244-record.png"; sourceTree = "<group>"; };
		6557D9E819971F2800A0A87E /* 1244-record@2x.png */ = {isa = PBXFileReference; lastKnownFileType = image.png; path = "1244-record@2x.png"; sourceTree = "<group>"; };
		6557D9ED1997412500A0A87E /* TimeStruct.swift */ = {isa = PBXFileReference; fileEncoding = 4; lastKnownFileType = sourcecode.swift; path = TimeStruct.swift; sourceTree = "<group>"; };
		6557D9EF1997414600A0A87E /* Extensions.swift */ = {isa = PBXFileReference; fileEncoding = 4; lastKnownFileType = sourcecode.swift; path = Extensions.swift; sourceTree = "<group>"; };
		65587F4219B400BA00375C98 /* VideoController.swift */ = {isa = PBXFileReference; fileEncoding = 4; lastKnownFileType = sourcecode.swift; path = VideoController.swift; sourceTree = "<group>"; };
		65587F4419B4034100375C98 /* VideoCell.swift */ = {isa = PBXFileReference; fileEncoding = 4; lastKnownFileType = sourcecode.swift; path = VideoCell.swift; sourceTree = "<group>"; };
		65587F4619B404A400375C98 /* sample-video-image.png */ = {isa = PBXFileReference; lastKnownFileType = image.png; path = "sample-video-image.png"; sourceTree = "<group>"; };
		65587F4819B4099A00375C98 /* Videos.swift */ = {isa = PBXFileReference; fileEncoding = 4; lastKnownFileType = sourcecode.swift; path = Videos.swift; sourceTree = "<group>"; };
		65587F4A19B40CCF00375C98 /* SwiftyJSON.swift */ = {isa = PBXFileReference; fileEncoding = 4; lastKnownFileType = sourcecode.swift; path = SwiftyJSON.swift; sourceTree = "<group>"; };
		657693B819883069008E25E6 /* LyricsController.swift */ = {isa = PBXFileReference; fileEncoding = 4; lastKnownFileType = sourcecode.swift; path = LyricsController.swift; sourceTree = "<group>"; };
		65A9112D196B9C49007B59D6 /* Lyrics.swift */ = {isa = PBXFileReference; fileEncoding = 4; lastKnownFileType = sourcecode.swift; path = Lyrics.swift; sourceTree = "<group>"; };
		65B1ED5F198CA3F40024F984 /* pause.png */ = {isa = PBXFileReference; lastKnownFileType = image.png; path = pause.png; sourceTree = "<group>"; };
		65B1ED60198CA3F40024F984 /* pause@2x.png */ = {isa = PBXFileReference; lastKnownFileType = image.png; path = "pause@2x.png"; sourceTree = "<group>"; };
		65B1ED63198CA5000024F984 /* fast-forward.png */ = {isa = PBXFileReference; lastKnownFileType = image.png; path = "fast-forward.png"; sourceTree = "<group>"; };
		65B1ED64198CA5000024F984 /* fast-forward@2x.png */ = {isa = PBXFileReference; lastKnownFileType = image.png; path = "fast-forward@2x.png"; sourceTree = "<group>"; };
		65B1ED67198CA5860024F984 /* rewind.png */ = {isa = PBXFileReference; lastKnownFileType = image.png; path = rewind.png; sourceTree = "<group>"; };
		65B1ED68198CA5860024F984 /* rewind@2x.png */ = {isa = PBXFileReference; lastKnownFileType = image.png; path = "rewind@2x.png"; sourceTree = "<group>"; };
		65B1ED6B198CA6B60024F984 /* pentagram.png */ = {isa = PBXFileReference; lastKnownFileType = image.png; path = pentagram.png; sourceTree = "<group>"; };
		65B1ED6D198CA7520024F984 /* pentagram@2x.png */ = {isa = PBXFileReference; lastKnownFileType = image.png; path = "pentagram@2x.png"; sourceTree = "<group>"; };
		65B1ED77198F214A0024F984 /* 777-thumbs-up.png */ = {isa = PBXFileReference; lastKnownFileType = image.png; path = "777-thumbs-up.png"; sourceTree = "<group>"; };
		65B1ED78198F214A0024F984 /* 777-thumbs-up@2x.png */ = {isa = PBXFileReference; lastKnownFileType = image.png; path = "777-thumbs-up@2x.png"; sourceTree = "<group>"; };
		65B1ED7B198F21650024F984 /* 777-thumbs-up-selected.png */ = {isa = PBXFileReference; lastKnownFileType = image.png; path = "777-thumbs-up-selected.png"; sourceTree = "<group>"; };
		65B1ED7C198F21650024F984 /* 777-thumbs-up-selected@2x.png */ = {isa = PBXFileReference; lastKnownFileType = image.png; path = "777-thumbs-up-selected@2x.png"; sourceTree = "<group>"; };
		65B1ED7F198F41060024F984 /* PlaylistController.swift */ = {isa = PBXFileReference; fileEncoding = 4; lastKnownFileType = sourcecode.swift; path = PlaylistController.swift; sourceTree = "<group>"; };
		65B1ED85199016930024F984 /* PlaylistCell.swift */ = {isa = PBXFileReference; fileEncoding = 4; lastKnownFileType = sourcecode.swift; path = PlaylistCell.swift; sourceTree = "<group>"; };
		65B1ED871990223E0024F984 /* sample-album-art2.jpg */ = {isa = PBXFileReference; lastKnownFileType = image.jpeg; path = "sample-album-art2.jpg"; sourceTree = "<group>"; };
		65B2A5A219529B0E00C3BE89 /* ITunesUtils.swift */ = {isa = PBXFileReference; fileEncoding = 4; lastKnownFileType = sourcecode.swift; path = ITunesUtils.swift; sourceTree = "<group>"; };
		65B66DE3195246AB00947DCE /* SongDemon.app */ = {isa = PBXFileReference; explicitFileType = wrapper.application; includeInIndex = 0; path = SongDemon.app; sourceTree = BUILT_PRODUCTS_DIR; };
		65B66DE7195246AB00947DCE /* Info.plist */ = {isa = PBXFileReference; lastKnownFileType = text.plist.xml; path = Info.plist; sourceTree = "<group>"; };
		65B66DE8195246AB00947DCE /* AppDelegate.swift */ = {isa = PBXFileReference; lastKnownFileType = sourcecode.swift; path = AppDelegate.swift; sourceTree = "<group>"; };
		65B66DEF195246AB00947DCE /* Base */ = {isa = PBXFileReference; lastKnownFileType = file.storyboard; name = Base; path = Base.lproj/Main.storyboard; sourceTree = "<group>"; };
		65B66DF1195246AB00947DCE /* Images.xcassets */ = {isa = PBXFileReference; lastKnownFileType = folder.assetcatalog; path = Images.xcassets; sourceTree = "<group>"; };
		65B66E7219524A8300947DCE /* MainController.swift */ = {isa = PBXFileReference; fileEncoding = 4; lastKnownFileType = sourcecode.swift; path = MainController.swift; sourceTree = "<group>"; };
		65D4F0B519A58CB600FB30A2 /* PlaylistAlbumSongCell.swift */ = {isa = PBXFileReference; fileEncoding = 4; lastKnownFileType = sourcecode.swift; path = PlaylistAlbumSongCell.swift; sourceTree = "<group>"; };
		65D4F0B719A59B2100FB30A2 /* PlaylistAlbumTitleCell.swift */ = {isa = PBXFileReference; fileEncoding = 4; lastKnownFileType = sourcecode.swift; path = PlaylistAlbumTitleCell.swift; sourceTree = "<group>"; };
		65DC55E2198B3D0000ABE255 /* 1176-bulleted-list.png */ = {isa = PBXFileReference; lastKnownFileType = image.png; path = "1176-bulleted-list.png"; sourceTree = "<group>"; };
		65DC55E3198B3D0000ABE255 /* 1176-bulleted-list@2x.png */ = {isa = PBXFileReference; lastKnownFileType = image.png; path = "1176-bulleted-list@2x.png"; sourceTree = "<group>"; };
		65E0487E1953A5D50080031C /* LibraryManager.swift */ = {isa = PBXFileReference; fileEncoding = 4; lastKnownFileType = sourcecode.swift; path = LibraryManager.swift; sourceTree = "<group>"; };
		65E048811953B1DB0080031C /* MusicPlayer.swift */ = {isa = PBXFileReference; fileEncoding = 4; lastKnownFileType = sourcecode.swift; path = MusicPlayer.swift; sourceTree = "<group>"; };
		65E7743519528D6100DD31DB /* 702-share.png */ = {isa = PBXFileReference; lastKnownFileType = image.png; path = "702-share.png"; sourceTree = "<group>"; };
		65E7743619528D6100DD31DB /* 702-share@2x.png */ = {isa = PBXFileReference; lastKnownFileType = image.png; path = "702-share@2x.png"; sourceTree = "<group>"; };
		65E7743719528D6100DD31DB /* 708-search.png */ = {isa = PBXFileReference; lastKnownFileType = image.png; path = "708-search.png"; sourceTree = "<group>"; };
		65E7743819528D6100DD31DB /* 708-search@2x.png */ = {isa = PBXFileReference; lastKnownFileType = image.png; path = "708-search@2x.png"; sourceTree = "<group>"; };
		65E7744519528D6100DD31DB /* 778-thumbs-down.png */ = {isa = PBXFileReference; lastKnownFileType = image.png; path = "778-thumbs-down.png"; sourceTree = "<group>"; };
		65E7744619528D6100DD31DB /* 778-thumbs-down@2x.png */ = {isa = PBXFileReference; lastKnownFileType = image.png; path = "778-thumbs-down@2x.png"; sourceTree = "<group>"; };
		65E7744B19528D6100DD31DB /* note120x120.png */ = {isa = PBXFileReference; lastKnownFileType = image.png; path = note120x120.png; sourceTree = "<group>"; };
		65E7745B19528D6100DD31DB /* sample-album-art.jpg */ = {isa = PBXFileReference; lastKnownFileType = image.jpeg; path = "sample-album-art.jpg"; sourceTree = "<group>"; };
		65E7745E19528D6100DD31DB /* slider_maximum.png */ = {isa = PBXFileReference; lastKnownFileType = image.png; path = slider_maximum.png; sourceTree = "<group>"; };
		65E7745F19528D6100DD31DB /* slider_maximum@2x.png */ = {isa = PBXFileReference; lastKnownFileType = image.png; path = "slider_maximum@2x.png"; sourceTree = "<group>"; };
		65E7746019528D6100DD31DB /* slider_minimum.png */ = {isa = PBXFileReference; lastKnownFileType = image.png; path = slider_minimum.png; sourceTree = "<group>"; };
		65E7746119528D6100DD31DB /* slider_minimum@2x.png */ = {isa = PBXFileReference; lastKnownFileType = image.png; path = "slider_minimum@2x.png"; sourceTree = "<group>"; };
		65E7746419528D6100DD31DB /* sliderlabel.png */ = {isa = PBXFileReference; lastKnownFileType = image.png; path = sliderlabel.png; sourceTree = "<group>"; };
		65E7746519528D6100DD31DB /* sliderlabel@2x.png */ = {isa = PBXFileReference; lastKnownFileType = image.png; path = "sliderlabel@2x.png"; sourceTree = "<group>"; };
		65F3BABD198749B7009916C1 /* SongInfo.swift */ = {isa = PBXFileReference; fileEncoding = 4; lastKnownFileType = sourcecode.swift; path = SongInfo.swift; sourceTree = "<group>"; };
		65F3BAF219876E28009916C1 /* RootController.swift */ = {isa = PBXFileReference; fileEncoding = 4; lastKnownFileType = sourcecode.swift; path = RootController.swift; sourceTree = "<group>"; };
		65F7085C19981D1A00179340 /* play-75.png */ = {isa = PBXFileReference; lastKnownFileType = image.png; path = "play-75.png"; sourceTree = "<group>"; };
		65F7085D19981D1A00179340 /* play-75@2x.png */ = {isa = PBXFileReference; lastKnownFileType = image.png; path = "play-75@2x.png"; sourceTree = "<group>"; };
		65F7086019981E1E00179340 /* 708-search-toolbar.png */ = {isa = PBXFileReference; lastKnownFileType = image.png; path = "708-search-toolbar.png"; sourceTree = "<group>"; };
		65F7086119981E1E00179340 /* 708-search-toolbar@2x.png */ = {isa = PBXFileReference; lastKnownFileType = image.png; path = "708-search-toolbar@2x.png"; sourceTree = "<group>"; };
		65F708641998238800179340 /* play-100.png */ = {isa = PBXFileReference; lastKnownFileType = image.png; path = "play-100.png"; sourceTree = "<group>"; };
		65F708651998238800179340 /* play-100@2x.png */ = {isa = PBXFileReference; lastKnownFileType = image.png; path = "play-100@2x.png"; sourceTree = "<group>"; };
		65F708681998283500179340 /* play-50.png */ = {isa = PBXFileReference; lastKnownFileType = image.png; path = "play-50.png"; sourceTree = "<group>"; };
		65F708691998283500179340 /* play-50@2x.png */ = {isa = PBXFileReference; lastKnownFileType = image.png; path = "play-50@2x.png"; sourceTree = "<group>"; };
		65F7086C19982E8300179340 /* black-red-note-120.png */ = {isa = PBXFileReference; lastKnownFileType = image.png; path = "black-red-note-120.png"; sourceTree = "<group>"; };
/* End PBXFileReference section */

/* Begin PBXFrameworksBuildPhase section */
		65B66DE0195246AB00947DCE /* Frameworks */ = {
			isa = PBXFrameworksBuildPhase;
			buildActionMask = 2147483647;
			files = (
			);
			runOnlyForDeploymentPostprocessing = 0;
		};
/* End PBXFrameworksBuildPhase section */

/* Begin PBXGroup section */
		657693BA198834D4008E25E6 /* Controllers */ = {
			isa = PBXGroup;
			children = (
				65F3BAF219876E28009916C1 /* RootController.swift */,
				65B66E7219524A8300947DCE /* MainController.swift */,
				657693B819883069008E25E6 /* LyricsController.swift */,
				65B1ED7F198F41060024F984 /* PlaylistController.swift */,
				65587F4219B400BA00375C98 /* VideoController.swift */,
				65B1ED85199016930024F984 /* PlaylistCell.swift */,
				65D4F0B519A58CB600FB30A2 /* PlaylistAlbumSongCell.swift */,
				65D4F0B719A59B2100FB30A2 /* PlaylistAlbumTitleCell.swift */,
				65587F4419B4034100375C98 /* VideoCell.swift */,
			);
			name = Controllers;
			sourceTree = "<group>";
		};
		657693BB19883510008E25E6 /* Classes */ = {
			isa = PBXGroup;
			children = (
				65587F4A19B40CCF00375C98 /* SwiftyJSON.swift */,
				65B2A5A219529B0E00C3BE89 /* ITunesUtils.swift */,
				65E0487E1953A5D50080031C /* LibraryManager.swift */,
				65A9112D196B9C49007B59D6 /* Lyrics.swift */,
				65E048811953B1DB0080031C /* MusicPlayer.swift */,
				65F3BABD198749B7009916C1 /* SongInfo.swift */,
				65164C36196CF62400644EF4 /* UIHelpers.swift */,
				65304F0C196CAB9E00F985D3 /* Utils.swift */,
				6557D9ED1997412500A0A87E /* TimeStruct.swift */,
				6557D9EF1997414600A0A87E /* Extensions.swift */,
				65587F4819B4099A00375C98 /* Videos.swift */,
			);
			name = Classes;
			sourceTree = "<group>";
		};
		65B66DDA195246AB00947DCE = {
			isa = PBXGroup;
			children = (
				65B66DE5195246AB00947DCE /* SongDemon */,
				65B66DE4195246AB00947DCE /* Products */,
			);
			sourceTree = "<group>";
		};
		65B66DE4195246AB00947DCE /* Products */ = {
			isa = PBXGroup;
			children = (
				65B66DE3195246AB00947DCE /* SongDemon.app */,
			);
			name = Products;
			sourceTree = "<group>";
		};
		65B66DE5195246AB00947DCE /* SongDemon */ = {
			isa = PBXGroup;
			children = (
				65B66DE7195246AB00947DCE /* Info.plist */,
				65164C39196D007E00644EF4 /* Test.playground */,
				65B66DEE195246AB00947DCE /* Main.storyboard */,
				65B66DE8195246AB00947DCE /* AppDelegate.swift */,
				657693BB19883510008E25E6 /* Classes */,
				657693BA198834D4008E25E6 /* Controllers */,
				65E7743219528D6100DD31DB /* Resources */,
				65B66DF1195246AB00947DCE /* Images.xcassets */,
			);
			name = SongDemon;
			path = SwiftSong;
			sourceTree = "<group>";
		};
		65E7743219528D6100DD31DB /* Resources */ = {
			isa = PBXGroup;
			children = (
				65E7743519528D6100DD31DB /* 702-share.png */,
				65E7743619528D6100DD31DB /* 702-share@2x.png */,
				65F7086019981E1E00179340 /* 708-search-toolbar.png */,
				65F7086119981E1E00179340 /* 708-search-toolbar@2x.png */,
				65E7743719528D6100DD31DB /* 708-search.png */,
				65E7743819528D6100DD31DB /* 708-search@2x.png */,
				65B1ED7B198F21650024F984 /* 777-thumbs-up-selected.png */,
				65B1ED7C198F21650024F984 /* 777-thumbs-up-selected@2x.png */,
				65B1ED77198F214A0024F984 /* 777-thumbs-up.png */,
				65B1ED78198F214A0024F984 /* 777-thumbs-up@2x.png */,
				65E7744519528D6100DD31DB /* 778-thumbs-down.png */,
				65E7744619528D6100DD31DB /* 778-thumbs-down@2x.png */,
				65DC55E2198B3D0000ABE255 /* 1176-bulleted-list.png */,
				65DC55E3198B3D0000ABE255 /* 1176-bulleted-list@2x.png */,
				6557D9E519971F2800A0A87E /* 1244-record-selected.png */,
				6557D9E619971F2800A0A87E /* 1244-record-selected@2x.png */,
				6557D9E719971F2800A0A87E /* 1244-record.png */,
				6557D9E819971F2800A0A87E /* 1244-record@2x.png */,
				65F7086C19982E8300179340 /* black-red-note-120.png */,
				65B1ED63198CA5000024F984 /* fast-forward.png */,
				65B1ED64198CA5000024F984 /* fast-forward@2x.png */,
				65E7744B19528D6100DD31DB /* note120x120.png */,
				65B1ED5F198CA3F40024F984 /* pause.png */,
				65B1ED60198CA3F40024F984 /* pause@2x.png */,
				65B1ED6B198CA6B60024F984 /* pentagram.png */,
				65B1ED6D198CA7520024F984 /* pentagram@2x.png */,
				65F708681998283500179340 /* play-50.png */,
				65F708691998283500179340 /* play-50@2x.png */,
				65F7085C19981D1A00179340 /* play-75.png */,
				65F7085D19981D1A00179340 /* play-75@2x.png */,
				65F708641998238800179340 /* play-100.png */,
				65F708651998238800179340 /* play-100@2x.png */,
				65B1ED67198CA5860024F984 /* rewind.png */,
				65B1ED68198CA5860024F984 /* rewind@2x.png */,
				65E7745B19528D6100DD31DB /* sample-album-art.jpg */,
				65B1ED871990223E0024F984 /* sample-album-art2.jpg */,
				65587F4619B404A400375C98 /* sample-video-image.png */,
				65E7745E19528D6100DD31DB /* slider_maximum.png */,
				65E7745F19528D6100DD31DB /* slider_maximum@2x.png */,
				65E7746019528D6100DD31DB /* slider_minimum.png */,
				65E7746119528D6100DD31DB /* slider_minimum@2x.png */,
				65E7746419528D6100DD31DB /* sliderlabel.png */,
				65E7746519528D6100DD31DB /* sliderlabel@2x.png */,
			);
			path = Resources;
			sourceTree = "<group>";
		};
/* End PBXGroup section */

/* Begin PBXNativeTarget section */
		65B66DE2195246AB00947DCE /* SongDemon */ = {
			isa = PBXNativeTarget;
			buildConfigurationList = 65B66E01195246AB00947DCE /* Build configuration list for PBXNativeTarget "SongDemon" */;
			buildPhases = (
				65B66DDF195246AB00947DCE /* Sources */,
				65B66DE0195246AB00947DCE /* Frameworks */,
				65B66DE1195246AB00947DCE /* Resources */,
			);
			buildRules = (
			);
			dependencies = (
			);
			name = SongDemon;
			productName = SwiftSong;
			productReference = 65B66DE3195246AB00947DCE /* SongDemon.app */;
			productType = "com.apple.product-type.application";
		};
/* End PBXNativeTarget section */

/* Begin PBXProject section */
		65B66DDB195246AB00947DCE /* Project object */ = {
			isa = PBXProject;
			attributes = {
				LastUpgradeCheck = 0600;
				ORGANIZATIONNAME = crazy8dev;
				TargetAttributes = {
					65B66DE2195246AB00947DCE = {
						CreatedOnToolsVersion = 6.0;
						DevelopmentTeam = K9HP5J9XB3;
						SystemCapabilities = {
							com.apple.BackgroundModes = {
								enabled = 1;
							};
						};
					};
				};
			};
			buildConfigurationList = 65B66DDE195246AB00947DCE /* Build configuration list for PBXProject "SongDemon" */;
			compatibilityVersion = "Xcode 3.2";
			developmentRegion = English;
			hasScannedForEncodings = 0;
			knownRegions = (
				en,
				Base,
			);
			mainGroup = 65B66DDA195246AB00947DCE;
			productRefGroup = 65B66DE4195246AB00947DCE /* Products */;
			projectDirPath = "";
			projectRoot = "";
			targets = (
				65B66DE2195246AB00947DCE /* SongDemon */,
			);
		};
/* End PBXProject section */

/* Begin PBXResourcesBuildPhase section */
		65B66DE1195246AB00947DCE /* Resources */ = {
			isa = PBXResourcesBuildPhase;
			buildActionMask = 2147483647;
			files = (
				65B1ED6C198CA6B60024F984 /* pentagram.png in Resources */,
				65B1ED79198F214A0024F984 /* 777-thumbs-up.png in Resources */,
				65F7085F19981D1A00179340 /* play-75@2x.png in Resources */,
				65F7086B1998283500179340 /* play-50@2x.png in Resources */,
				65E7746D19528D6100DD31DB /* 708-search@2x.png in Resources */,
				65E7746A19528D6100DD31DB /* 702-share.png in Resources */,
				65B66DF0195246AB00947DCE /* Main.storyboard in Resources */,
				65E7746C19528D6100DD31DB /* 708-search.png in Resources */,
				65B1ED62198CA3F40024F984 /* pause@2x.png in Resources */,
				65F708671998238800179340 /* play-100@2x.png in Resources */,
				65E7749019528D6100DD31DB /* sample-album-art.jpg in Resources */,
				65B1ED7E198F21650024F984 /* 777-thumbs-up-selected@2x.png in Resources */,
				65F7086219981E1E00179340 /* 708-search-toolbar.png in Resources */,
				65B1ED61198CA3F40024F984 /* pause.png in Resources */,
				65587F4719B404A400375C98 /* sample-video-image.png in Resources */,
				65B1ED65198CA5000024F984 /* fast-forward.png in Resources */,
				65E7748019528D6100DD31DB /* note120x120.png in Resources */,
				65F7085E19981D1A00179340 /* play-75.png in Resources */,
				65DC55E4198B3D0000ABE255 /* 1176-bulleted-list.png in Resources */,
				65F708661998238800179340 /* play-100.png in Resources */,
				6557D9EB19971F2800A0A87E /* 1244-record.png in Resources */,
				6557D9EC19971F2800A0A87E /* 1244-record@2x.png in Resources */,
				65B1ED7A198F214A0024F984 /* 777-thumbs-up@2x.png in Resources */,
				65E7749619528D6100DD31DB /* slider_minimum@2x.png in Resources */,
				65E7749919528D6100DD31DB /* sliderlabel.png in Resources */,
				65E7747A19528D6100DD31DB /* 778-thumbs-down.png in Resources */,
				65B1ED6E198CA7520024F984 /* pentagram@2x.png in Resources */,
				65E7746B19528D6100DD31DB /* 702-share@2x.png in Resources */,
				65DC55E5198B3D0000ABE255 /* 1176-bulleted-list@2x.png in Resources */,
				65E7749319528D6100DD31DB /* slider_maximum.png in Resources */,
				65E7747B19528D6100DD31DB /* 778-thumbs-down@2x.png in Resources */,
				65F7086D19982E8300179340 /* black-red-note-120.png in Resources */,
				65B1ED881990223E0024F984 /* sample-album-art2.jpg in Resources */,
				65E7749519528D6100DD31DB /* slider_minimum.png in Resources */,
				65B66DF2195246AB00947DCE /* Images.xcassets in Resources */,
				65B1ED66198CA5000024F984 /* fast-forward@2x.png in Resources */,
				65F7086A1998283500179340 /* play-50.png in Resources */,
				6557D9EA19971F2800A0A87E /* 1244-record-selected@2x.png in Resources */,
				65B1ED7D198F21650024F984 /* 777-thumbs-up-selected.png in Resources */,
				65F7086319981E1E00179340 /* 708-search-toolbar@2x.png in Resources */,
				65E7749A19528D6100DD31DB /* sliderlabel@2x.png in Resources */,
				65B1ED69198CA5860024F984 /* rewind.png in Resources */,
				65E7749419528D6100DD31DB /* slider_maximum@2x.png in Resources */,
				6557D9E919971F2800A0A87E /* 1244-record-selected.png in Resources */,
				65B1ED6A198CA5860024F984 /* rewind@2x.png in Resources */,
			);
			runOnlyForDeploymentPostprocessing = 0;
		};
/* End PBXResourcesBuildPhase section */

/* Begin PBXSourcesBuildPhase section */
		65B66DDF195246AB00947DCE /* Sources */ = {
			isa = PBXSourcesBuildPhase;
			buildActionMask = 2147483647;
			files = (
				65E0487F1953A5D50080031C /* LibraryManager.swift in Sources */,
				65B1ED86199016930024F984 /* PlaylistCell.swift in Sources */,
				65F3BABE198749B7009916C1 /* SongInfo.swift in Sources */,
				65A9112E196B9C49007B59D6 /* Lyrics.swift in Sources */,
				65164C37196CF62400644EF4 /* UIHelpers.swift in Sources */,
				65587F4319B400BA00375C98 /* VideoController.swift in Sources */,
				6557D9EE1997412500A0A87E /* TimeStruct.swift in Sources */,
				65B66E7319524A8300947DCE /* MainController.swift in Sources */,
				65E048821953B1DB0080031C /* MusicPlayer.swift in Sources */,
				65B2A5A319529B0E00C3BE89 /* ITunesUtils.swift in Sources */,
				657693B919883069008E25E6 /* LyricsController.swift in Sources */,
				6557D9F01997414600A0A87E /* Extensions.swift in Sources */,
				65587F4B19B40CCF00375C98 /* SwiftyJSON.swift in Sources */,
				65B66DE9195246AB00947DCE /* AppDelegate.swift in Sources */,
				65587F4919B4099A00375C98 /* Videos.swift in Sources */,
				65587F4519B4034100375C98 /* VideoCell.swift in Sources */,
				65304F0D196CAB9E00F985D3 /* Utils.swift in Sources */,
				65D4F0B619A58CB600FB30A2 /* PlaylistAlbumSongCell.swift in Sources */,
				65D4F0B819A59B2100FB30A2 /* PlaylistAlbumTitleCell.swift in Sources */,
				65B1ED80198F41060024F984 /* PlaylistController.swift in Sources */,
				65F3BAF319876E28009916C1 /* RootController.swift in Sources */,
			);
			runOnlyForDeploymentPostprocessing = 0;
		};
/* End PBXSourcesBuildPhase section */

/* Begin PBXVariantGroup section */
		65B66DEE195246AB00947DCE /* Main.storyboard */ = {
			isa = PBXVariantGroup;
			children = (
				65B66DEF195246AB00947DCE /* Base */,
			);
			name = Main.storyboard;
			sourceTree = "<group>";
		};
/* End PBXVariantGroup section */

/* Begin XCBuildConfiguration section */
		65B66DFF195246AB00947DCE /* Debug */ = {
			isa = XCBuildConfiguration;
			buildSettings = {
				ALWAYS_SEARCH_USER_PATHS = NO;
				CLANG_CXX_LANGUAGE_STANDARD = "gnu++0x";
				CLANG_CXX_LIBRARY = "libc++";
				CLANG_ENABLE_MODULES = YES;
				CLANG_ENABLE_OBJC_ARC = YES;
				CLANG_WARN_BOOL_CONVERSION = YES;
				CLANG_WARN_CONSTANT_CONVERSION = YES;
				CLANG_WARN_DIRECT_OBJC_ISA_USAGE = YES_ERROR;
				CLANG_WARN_EMPTY_BODY = YES;
				CLANG_WARN_ENUM_CONVERSION = YES;
				CLANG_WARN_INT_CONVERSION = YES;
				CLANG_WARN_OBJC_ROOT_CLASS = YES_ERROR;
				CLANG_WARN_UNREACHABLE_CODE = YES;
				CLANG_WARN__DUPLICATE_METHOD_MATCH = YES;
				"CODE_SIGN_IDENTITY[sdk=iphoneos*]" = "iPhone Developer";
				COPY_PHASE_STRIP = NO;
				ENABLE_STRICT_OBJC_MSGSEND = YES;
				GCC_C_LANGUAGE_STANDARD = gnu99;
				GCC_DYNAMIC_NO_PIC = NO;
				GCC_OPTIMIZATION_LEVEL = 0;
				GCC_PREPROCESSOR_DEFINITIONS = (
					"DEBUG=1",
					"$(inherited)",
				);
				GCC_SYMBOLS_PRIVATE_EXTERN = NO;
				GCC_WARN_64_TO_32_BIT_CONVERSION = YES;
				GCC_WARN_ABOUT_RETURN_TYPE = YES_ERROR;
				GCC_WARN_UNDECLARED_SELECTOR = YES;
				GCC_WARN_UNINITIALIZED_AUTOS = YES_AGGRESSIVE;
				GCC_WARN_UNUSED_FUNCTION = YES;
				GCC_WARN_UNUSED_VARIABLE = YES;
				IPHONEOS_DEPLOYMENT_TARGET = 8.0;
				METAL_ENABLE_DEBUG_INFO = YES;
				ONLY_ACTIVE_ARCH = YES;
				SDKROOT = iphoneos;
				SWIFT_OPTIMIZATION_LEVEL = "-Onone";
			};
			name = Debug;
		};
		65B66E00195246AB00947DCE /* Release */ = {
			isa = XCBuildConfiguration;
			buildSettings = {
				ALWAYS_SEARCH_USER_PATHS = NO;
				CLANG_CXX_LANGUAGE_STANDARD = "gnu++0x";
				CLANG_CXX_LIBRARY = "libc++";
				CLANG_ENABLE_MODULES = YES;
				CLANG_ENABLE_OBJC_ARC = YES;
				CLANG_WARN_BOOL_CONVERSION = YES;
				CLANG_WARN_CONSTANT_CONVERSION = YES;
				CLANG_WARN_DIRECT_OBJC_ISA_USAGE = YES_ERROR;
				CLANG_WARN_EMPTY_BODY = YES;
				CLANG_WARN_ENUM_CONVERSION = YES;
				CLANG_WARN_INT_CONVERSION = YES;
				CLANG_WARN_OBJC_ROOT_CLASS = YES_ERROR;
				CLANG_WARN_UNREACHABLE_CODE = YES;
				CLANG_WARN__DUPLICATE_METHOD_MATCH = YES;
				"CODE_SIGN_IDENTITY[sdk=iphoneos*]" = "iPhone Developer";
				COPY_PHASE_STRIP = YES;
				ENABLE_NS_ASSERTIONS = NO;
				ENABLE_STRICT_OBJC_MSGSEND = YES;
				GCC_C_LANGUAGE_STANDARD = gnu99;
				GCC_WARN_64_TO_32_BIT_CONVERSION = YES;
				GCC_WARN_ABOUT_RETURN_TYPE = YES_ERROR;
				GCC_WARN_UNDECLARED_SELECTOR = YES;
				GCC_WARN_UNINITIALIZED_AUTOS = YES_AGGRESSIVE;
				GCC_WARN_UNUSED_FUNCTION = YES;
				GCC_WARN_UNUSED_VARIABLE = YES;
				IPHONEOS_DEPLOYMENT_TARGET = 8.0;
				METAL_ENABLE_DEBUG_INFO = NO;
				SDKROOT = iphoneos;
				VALIDATE_PRODUCT = YES;
			};
			name = Release;
		};
		65B66E02195246AB00947DCE /* Debug */ = {
			isa = XCBuildConfiguration;
			buildSettings = {
				ASSETCATALOG_COMPILER_APPICON_NAME = AppIcon;
				ASSETCATALOG_COMPILER_LAUNCHIMAGE_NAME = LaunchImage;
				CODE_SIGN_IDENTITY = "iPhone Developer";
				"CODE_SIGN_IDENTITY[sdk=iphoneos*]" = "iPhone Developer";
				INFOPLIST_FILE = SwiftSong/Info.plist;
				LD_RUNPATH_SEARCH_PATHS = "$(inherited) @executable_path/Frameworks";
				PRODUCT_NAME = SongDemon;
				PROVISIONING_PROFILE = "";
				SWIFT_OPTIMIZATION_LEVEL = "-Onone";
			};
			name = Debug;
		};
		65B66E03195246AB00947DCE /* Release */ = {
			isa = XCBuildConfiguration;
			buildSettings = {
				ASSETCATALOG_COMPILER_APPICON_NAME = AppIcon;
				ASSETCATALOG_COMPILER_LAUNCHIMAGE_NAME = LaunchImage;
				CODE_SIGN_IDENTITY = "iPhone Developer";
				"CODE_SIGN_IDENTITY[sdk=iphoneos*]" = "iPhone Developer";
				INFOPLIST_FILE = SwiftSong/Info.plist;
				LD_RUNPATH_SEARCH_PATHS = "$(inherited) @executable_path/Frameworks";
				PRODUCT_NAME = SongDemon;
				PROVISIONING_PROFILE = "";
			};
			name = Release;
		};
/* End XCBuildConfiguration section */

/* Begin XCConfigurationList section */
		65B66DDE195246AB00947DCE /* Build configuration list for PBXProject "SongDemon" */ = {
			isa = XCConfigurationList;
			buildConfigurations = (
				65B66DFF195246AB00947DCE /* Debug */,
				65B66E00195246AB00947DCE /* Release */,
			);
			defaultConfigurationIsVisible = 0;
			defaultConfigurationName = Release;
		};
		65B66E01195246AB00947DCE /* Build configuration list for PBXNativeTarget "SongDemon" */ = {
			isa = XCConfigurationList;
			buildConfigurations = (
				65B66E02195246AB00947DCE /* Debug */,
				65B66E03195246AB00947DCE /* Release */,
			);
			defaultConfigurationIsVisible = 0;
			defaultConfigurationName = Release;
		};
/* End XCConfigurationList section */
	};
	rootObject = 65B66DDB195246AB00947DCE /* Project object */;
}
